// !$*UTF8*$!
{
	archiveVersion = 1;
	classes = {
	};
	objectVersion = 46;
	objects = {

/* Begin PBXBuildFile section */
		233463DA13ABEBDF00166C69 /* UIKit.framework in Frameworks */ = {isa = PBXBuildFile; fileRef = 233463D913ABEBDF00166C69 /* UIKit.framework */; };
		233463DC13ABEBE000166C69 /* Foundation.framework in Frameworks */ = {isa = PBXBuildFile; fileRef = 233463DB13ABEBE000166C69 /* Foundation.framework */; };
		233463DE13ABEBE000166C69 /* CoreGraphics.framework in Frameworks */ = {isa = PBXBuildFile; fileRef = 233463DD13ABEBE000166C69 /* CoreGraphics.framework */; };
		233463E413ABEBE000166C69 /* InfoPlist.strings in Resources */ = {isa = PBXBuildFile; fileRef = 233463E213ABEBE000166C69 /* InfoPlist.strings */; };
		233463E713ABEBE000166C69 /* main.m in Sources */ = {isa = PBXBuildFile; fileRef = 233463E613ABEBE000166C69 /* main.m */; };
		233463EA13ABEBE000166C69 /* FastClockAppDelegate.m in Sources */ = {isa = PBXBuildFile; fileRef = 233463E913ABEBE000166C69 /* FastClockAppDelegate.m */; };
		233463ED13ABEBE000166C69 /* MainWindow.xib in Resources */ = {isa = PBXBuildFile; fileRef = 233463EB13ABEBE000166C69 /* MainWindow.xib */; };
		233463F013ABEBE000166C69 /* MainViewController.m in Sources */ = {isa = PBXBuildFile; fileRef = 233463EF13ABEBE000166C69 /* MainViewController.m */; };
		233463F213ABEBE000166C69 /* MainView.xib in Resources */ = {isa = PBXBuildFile; fileRef = 233463F113ABEBE000166C69 /* MainView.xib */; };
		233463F713ABEBE000166C69 /* FlipsideView.xib in Resources */ = {isa = PBXBuildFile; fileRef = 233463F613ABEBE000166C69 /* FlipsideView.xib */; };
		233463FE13ABEBE000166C69 /* UIKit.framework in Frameworks */ = {isa = PBXBuildFile; fileRef = 233463D913ABEBDF00166C69 /* UIKit.framework */; };
		233463FF13ABEBE000166C69 /* Foundation.framework in Frameworks */ = {isa = PBXBuildFile; fileRef = 233463DB13ABEBE000166C69 /* Foundation.framework */; };
		2334640013ABEBE000166C69 /* CoreGraphics.framework in Frameworks */ = {isa = PBXBuildFile; fileRef = 233463DD13ABEBE000166C69 /* CoreGraphics.framework */; };
		2334640813ABEBE000166C69 /* InfoPlist.strings in Resources */ = {isa = PBXBuildFile; fileRef = 2334640613ABEBE000166C69 /* InfoPlist.strings */; };
		2334640B13ABEBE000166C69 /* FastClockTests.h in Resources */ = {isa = PBXBuildFile; fileRef = 2334640A13ABEBE000166C69 /* FastClockTests.h */; };
		2334640D13ABEBE000166C69 /* FastClockTests.m in Sources */ = {isa = PBXBuildFile; fileRef = 2334640C13ABEBE000166C69 /* FastClockTests.m */; };
		2334641713ABECE600166C69 /* openlcb_iphone_57.png in Resources */ = {isa = PBXBuildFile; fileRef = 2334641613ABECE600166C69 /* openlcb_iphone_57.png */; };
		2334641913ABECEE00166C69 /* openlcb_iphone_114.png in Resources */ = {isa = PBXBuildFile; fileRef = 2334641813ABECEE00166C69 /* openlcb_iphone_114.png */; };
		23D9248B16B8F7CC00FB85A8 /* Default-568h@2x.png in Resources */ = {isa = PBXBuildFile; fileRef = 23D9248A16B8F7CC00FB85A8 /* Default-568h@2x.png */; };
		23F22A9C13AF072200528339 /* Default.png in Resources */ = {isa = PBXBuildFile; fileRef = 23F22A9B13AF072200528339 /* Default.png */; };
		23F22AB213AF1ED700528339 /* libOpenLcb.a in Frameworks */ = {isa = PBXBuildFile; fileRef = 23F22AB113AF1ED700528339 /* libOpenLcb.a */; };
/* End PBXBuildFile section */

/* Begin PBXContainerItemProxy section */
		2334640113ABEBE000166C69 /* PBXContainerItemProxy */ = {
			isa = PBXContainerItemProxy;
			containerPortal = 233463CC13ABEBDF00166C69 /* Project object */;
			proxyType = 1;
			remoteGlobalIDString = 233463D413ABEBDF00166C69;
			remoteInfo = FastClock;
		};
		2334644C13ABEF6C00166C69 /* PBXContainerItemProxy */ = {
			isa = PBXContainerItemProxy;
			containerPortal = 2334644213ABEF6C00166C69 /* OpenLcbLib.xcodeproj */;
			proxyType = 2;
			remoteGlobalIDString = 23250501138A3B49003D8EE4;
			remoteInfo = iOSBuild;
		};
		2334644E13ABEF6C00166C69 /* PBXContainerItemProxy */ = {
			isa = PBXContainerItemProxy;
			containerPortal = 2334644213ABEF6C00166C69 /* OpenLcbLib.xcodeproj */;
			proxyType = 2;
			remoteGlobalIDString = 2325050E138A3B49003D8EE4;
			remoteInfo = iOSBuildTests;
		};
		2334645013ABEF6C00166C69 /* PBXContainerItemProxy */ = {
			isa = PBXContainerItemProxy;
			containerPortal = 2334644213ABEF6C00166C69 /* OpenLcbLib.xcodeproj */;
			proxyType = 2;
			remoteGlobalIDString = 2304E82D13950BC400B6867C;
			remoteInfo = MacOSXBuild;
		};
		2334645213ABEF6C00166C69 /* PBXContainerItemProxy */ = {
			isa = PBXContainerItemProxy;
			containerPortal = 2334644213ABEF6C00166C69 /* OpenLcbLib.xcodeproj */;
			proxyType = 2;
			remoteGlobalIDString = 2304E83713950BC500B6867C;
			remoteInfo = MacOSXBuildTests;
		};
/* End PBXContainerItemProxy section */

/* Begin PBXFileReference section */
		233463D513ABEBDF00166C69 /* FastClock.app */ = {isa = PBXFileReference; explicitFileType = wrapper.application; includeInIndex = 0; path = FastClock.app; sourceTree = BUILT_PRODUCTS_DIR; };
		233463D913ABEBDF00166C69 /* UIKit.framework */ = {isa = PBXFileReference; lastKnownFileType = wrapper.framework; name = UIKit.framework; path = System/Library/Frameworks/UIKit.framework; sourceTree = SDKROOT; };
		233463DB13ABEBE000166C69 /* Foundation.framework */ = {isa = PBXFileReference; lastKnownFileType = wrapper.framework; name = Foundation.framework; path = System/Library/Frameworks/Foundation.framework; sourceTree = SDKROOT; };
		233463DD13ABEBE000166C69 /* CoreGraphics.framework */ = {isa = PBXFileReference; lastKnownFileType = wrapper.framework; name = CoreGraphics.framework; path = System/Library/Frameworks/CoreGraphics.framework; sourceTree = SDKROOT; };
		233463E113ABEBE000166C69 /* FastClock-Info.plist */ = {isa = PBXFileReference; lastKnownFileType = text.plist.xml; path = "FastClock-Info.plist"; sourceTree = "<group>"; };
		233463E313ABEBE000166C69 /* en */ = {isa = PBXFileReference; lastKnownFileType = text.plist.strings; name = en; path = en.lproj/InfoPlist.strings; sourceTree = "<group>"; };
		233463E513ABEBE000166C69 /* FastClock-Prefix.pch */ = {isa = PBXFileReference; lastKnownFileType = sourcecode.c.h; path = "FastClock-Prefix.pch"; sourceTree = "<group>"; };
		233463E613ABEBE000166C69 /* main.m */ = {isa = PBXFileReference; lastKnownFileType = sourcecode.c.objc; path = main.m; sourceTree = "<group>"; };
		233463E813ABEBE000166C69 /* FastClockAppDelegate.h */ = {isa = PBXFileReference; lastKnownFileType = sourcecode.c.h; path = FastClockAppDelegate.h; sourceTree = "<group>"; };
		233463E913ABEBE000166C69 /* FastClockAppDelegate.m */ = {isa = PBXFileReference; lastKnownFileType = sourcecode.c.objc; path = FastClockAppDelegate.m; sourceTree = "<group>"; };
		233463EC13ABEBE000166C69 /* en */ = {isa = PBXFileReference; lastKnownFileType = file.xib; name = en; path = en.lproj/MainWindow.xib; sourceTree = "<group>"; };
		233463EE13ABEBE000166C69 /* MainViewController.h */ = {isa = PBXFileReference; lastKnownFileType = sourcecode.c.h; path = MainViewController.h; sourceTree = "<group>"; };
		233463EF13ABEBE000166C69 /* MainViewController.m */ = {isa = PBXFileReference; lastKnownFileType = sourcecode.c.objc; path = MainViewController.m; sourceTree = "<group>"; };
		233463F113ABEBE000166C69 /* MainView.xib */ = {isa = PBXFileReference; lastKnownFileType = file.xib; path = MainView.xib; sourceTree = "<group>"; };
		233463F613ABEBE000166C69 /* FlipsideView.xib */ = {isa = PBXFileReference; lastKnownFileType = file.xib; path = FlipsideView.xib; sourceTree = "<group>"; };
		233463FD13ABEBE000166C69 /* FastClockTests.octest */ = {isa = PBXFileReference; explicitFileType = wrapper.cfbundle; includeInIndex = 0; path = FastClockTests.octest; sourceTree = BUILT_PRODUCTS_DIR; };
		2334640513ABEBE000166C69 /* FastClockTests-Info.plist */ = {isa = PBXFileReference; lastKnownFileType = text.plist.xml; path = "FastClockTests-Info.plist"; sourceTree = "<group>"; };
		2334640713ABEBE000166C69 /* en */ = {isa = PBXFileReference; lastKnownFileType = text.plist.strings; name = en; path = en.lproj/InfoPlist.strings; sourceTree = "<group>"; };
		2334640913ABEBE000166C69 /* FastClockTests-Prefix.pch */ = {isa = PBXFileReference; lastKnownFileType = sourcecode.c.h; path = "FastClockTests-Prefix.pch"; sourceTree = "<group>"; };
		2334640A13ABEBE000166C69 /* FastClockTests.h */ = {isa = PBXFileReference; lastKnownFileType = sourcecode.c.h; path = FastClockTests.h; sourceTree = "<group>"; };
		2334640C13ABEBE000166C69 /* FastClockTests.m */ = {isa = PBXFileReference; lastKnownFileType = sourcecode.c.objc; path = FastClockTests.m; sourceTree = "<group>"; };
		2334641613ABECE600166C69 /* openlcb_iphone_57.png */ = {isa = PBXFileReference; lastKnownFileType = image.png; path = openlcb_iphone_57.png; sourceTree = "<group>"; };
		2334641813ABECEE00166C69 /* openlcb_iphone_114.png */ = {isa = PBXFileReference; lastKnownFileType = image.png; path = openlcb_iphone_114.png; sourceTree = "<group>"; };
		2334644213ABEF6C00166C69 /* OpenLcbLib.xcodeproj */ = {isa = PBXFileReference; lastKnownFileType = "wrapper.pb-project"; name = OpenLcbLib.xcodeproj; path = ../../ObjectiveC/OpenLcbLib/OpenLcbLib.xcodeproj; sourceTree = "<group>"; };
		23D9248A16B8F7CC00FB85A8 /* Default-568h@2x.png */ = {isa = PBXFileReference; lastKnownFileType = image.png; path = "Default-568h@2x.png"; sourceTree = "<group>"; };
		23F22A9B13AF072200528339 /* Default.png */ = {isa = PBXFileReference; lastKnownFileType = image.png; path = Default.png; sourceTree = "<group>"; };
		23F22AB113AF1ED700528339 /* libOpenLcb.a */ = {isa = PBXFileReference; explicitFileType = archive.ar; path = libOpenLcb.a; sourceTree = BUILT_PRODUCTS_DIR; };
/* End PBXFileReference section */

/* Begin PBXFrameworksBuildPhase section */
		233463D213ABEBDF00166C69 /* Frameworks */ = {
			isa = PBXFrameworksBuildPhase;
			buildActionMask = 2147483647;
			files = (
				233463DA13ABEBDF00166C69 /* UIKit.framework in Frameworks */,
				233463DC13ABEBE000166C69 /* Foundation.framework in Frameworks */,
				233463DE13ABEBE000166C69 /* CoreGraphics.framework in Frameworks */,
				23F22AB213AF1ED700528339 /* libOpenLcb.a in Frameworks */,
			);
			runOnlyForDeploymentPostprocessing = 0;
		};
		233463F913ABEBE000166C69 /* Frameworks */ = {
			isa = PBXFrameworksBuildPhase;
			buildActionMask = 2147483647;
			files = (
				233463FE13ABEBE000166C69 /* UIKit.framework in Frameworks */,
				233463FF13ABEBE000166C69 /* Foundation.framework in Frameworks */,
				2334640013ABEBE000166C69 /* CoreGraphics.framework in Frameworks */,
			);
			runOnlyForDeploymentPostprocessing = 0;
		};
/* End PBXFrameworksBuildPhase section */

/* Begin PBXGroup section */
		233463CA13ABEBDF00166C69 = {
			isa = PBXGroup;
			children = (
				23D9248A16B8F7CC00FB85A8 /* Default-568h@2x.png */,
				23F22A9B13AF072200528339 /* Default.png */,
				233463DF13ABEBE000166C69 /* FastClock */,
				2334640313ABEBE000166C69 /* FastClockTests */,
				23F22AB113AF1ED700528339 /* libOpenLcb.a */,
				2334641813ABECEE00166C69 /* openlcb_iphone_114.png */,
				2334641613ABECE600166C69 /* openlcb_iphone_57.png */,
				233463D813ABEBDF00166C69 /* Frameworks */,
				233463D613ABEBDF00166C69 /* Products */,
			);
			sourceTree = "<group>";
		};
		233463D613ABEBDF00166C69 /* Products */ = {
			isa = PBXGroup;
			children = (
				233463D513ABEBDF00166C69 /* FastClock.app */,
				233463FD13ABEBE000166C69 /* FastClockTests.octest */,
			);
			name = Products;
			sourceTree = "<group>";
		};
		233463D813ABEBDF00166C69 /* Frameworks */ = {
			isa = PBXGroup;
			children = (
				2334644213ABEF6C00166C69 /* OpenLcbLib.xcodeproj */,
				233463D913ABEBDF00166C69 /* UIKit.framework */,
				233463DB13ABEBE000166C69 /* Foundation.framework */,
				233463DD13ABEBE000166C69 /* CoreGraphics.framework */,
			);
			name = Frameworks;
			sourceTree = "<group>";
		};
		233463DF13ABEBE000166C69 /* FastClock */ = {
			isa = PBXGroup;
			children = (
				233463E813ABEBE000166C69 /* FastClockAppDelegate.h */,
				233463E913ABEBE000166C69 /* FastClockAppDelegate.m */,
				233463EB13ABEBE000166C69 /* MainWindow.xib */,
				233463EE13ABEBE000166C69 /* MainViewController.h */,
				233463EF13ABEBE000166C69 /* MainViewController.m */,
				233463F113ABEBE000166C69 /* MainView.xib */,
				233463F613ABEBE000166C69 /* FlipsideView.xib */,
				233463E013ABEBE000166C69 /* Supporting Files */,
			);
			path = FastClock;
			sourceTree = "<group>";
		};
		233463E013ABEBE000166C69 /* Supporting Files */ = {
			isa = PBXGroup;
			children = (
				233463E113ABEBE000166C69 /* FastClock-Info.plist */,
				233463E213ABEBE000166C69 /* InfoPlist.strings */,
				233463E513ABEBE000166C69 /* FastClock-Prefix.pch */,
				233463E613ABEBE000166C69 /* main.m */,
			);
			name = "Supporting Files";
			sourceTree = "<group>";
		};
		2334640313ABEBE000166C69 /* FastClockTests */ = {
			isa = PBXGroup;
			children = (
				2334640A13ABEBE000166C69 /* FastClockTests.h */,
				2334640C13ABEBE000166C69 /* FastClockTests.m */,
				2334640413ABEBE000166C69 /* Supporting Files */,
			);
			path = FastClockTests;
			sourceTree = "<group>";
		};
		2334640413ABEBE000166C69 /* Supporting Files */ = {
			isa = PBXGroup;
			children = (
				2334640513ABEBE000166C69 /* FastClockTests-Info.plist */,
				2334640613ABEBE000166C69 /* InfoPlist.strings */,
				2334640913ABEBE000166C69 /* FastClockTests-Prefix.pch */,
			);
			name = "Supporting Files";
			sourceTree = "<group>";
		};
		2334644313ABEF6C00166C69 /* Products */ = {
			isa = PBXGroup;
			children = (
				2334644D13ABEF6C00166C69 /* libOpenLcb.a */,
				2334644F13ABEF6C00166C69 /* iOSBuildTests.octest */,
				2334645113ABEF6C00166C69 /* MacOSXBuild.dylib */,
				2334645313ABEF6C00166C69 /* MacOSXBuildTests.octest */,
			);
			name = Products;
			sourceTree = "<group>";
		};
/* End PBXGroup section */

/* Begin PBXNativeTarget section */
		233463D413ABEBDF00166C69 /* FastClock */ = {
			isa = PBXNativeTarget;
			buildConfigurationList = 2334641013ABEBE000166C69 /* Build configuration list for PBXNativeTarget "FastClock" */;
			buildPhases = (
				233463D113ABEBDF00166C69 /* Sources */,
				233463D213ABEBDF00166C69 /* Frameworks */,
				233463D313ABEBDF00166C69 /* Resources */,
			);
			buildRules = (
			);
			dependencies = (
			);
			name = FastClock;
			productName = FastClock;
			productReference = 233463D513ABEBDF00166C69 /* FastClock.app */;
			productType = "com.apple.product-type.application";
		};
		233463FC13ABEBE000166C69 /* FastClockTests */ = {
			isa = PBXNativeTarget;
			buildConfigurationList = 2334641313ABEBE000166C69 /* Build configuration list for PBXNativeTarget "FastClockTests" */;
			buildPhases = (
				233463F813ABEBE000166C69 /* Sources */,
				233463F913ABEBE000166C69 /* Frameworks */,
				233463FA13ABEBE000166C69 /* Resources */,
				233463FB13ABEBE000166C69 /* ShellScript */,
			);
			buildRules = (
			);
			dependencies = (
				2334640213ABEBE000166C69 /* PBXTargetDependency */,
			);
			name = FastClockTests;
			productName = FastClockTests;
			productReference = 233463FD13ABEBE000166C69 /* FastClockTests.octest */;
			productType = "com.apple.product-type.bundle";
		};
/* End PBXNativeTarget section */

/* Begin PBXProject section */
		233463CC13ABEBDF00166C69 /* Project object */ = {
			isa = PBXProject;
			attributes = {
				LastUpgradeCheck = 0450;
			};
			buildConfigurationList = 233463CF13ABEBDF00166C69 /* Build configuration list for PBXProject "FastClock" */;
			compatibilityVersion = "Xcode 3.2";
			developmentRegion = English;
			hasScannedForEncodings = 0;
			knownRegions = (
				en,
			);
			mainGroup = 233463CA13ABEBDF00166C69;
			productRefGroup = 233463D613ABEBDF00166C69 /* Products */;
			projectDirPath = "";
			projectReferences = (
				{
					ProductGroup = 2334644313ABEF6C00166C69 /* Products */;
					ProjectRef = 2334644213ABEF6C00166C69 /* OpenLcbLib.xcodeproj */;
				},
			);
			projectRoot = "";
			targets = (
				233463D413ABEBDF00166C69 /* FastClock */,
				233463FC13ABEBE000166C69 /* FastClockTests */,
			);
		};
/* End PBXProject section */

/* Begin PBXReferenceProxy section */
		2334644D13ABEF6C00166C69 /* libOpenLcb.a */ = {
			isa = PBXReferenceProxy;
			fileType = archive.ar;
			path = libOpenLcb.a;
			remoteRef = 2334644C13ABEF6C00166C69 /* PBXContainerItemProxy */;
			sourceTree = BUILT_PRODUCTS_DIR;
		};
		2334644F13ABEF6C00166C69 /* iOSBuildTests.octest */ = {
			isa = PBXReferenceProxy;
			fileType = wrapper.cfbundle;
			path = iOSBuildTests.octest;
			remoteRef = 2334644E13ABEF6C00166C69 /* PBXContainerItemProxy */;
			sourceTree = BUILT_PRODUCTS_DIR;
		};
		2334645113ABEF6C00166C69 /* MacOSXBuild.dylib */ = {
			isa = PBXReferenceProxy;
			fileType = "compiled.mach-o.dylib";
			path = MacOSXBuild.dylib;
			remoteRef = 2334645013ABEF6C00166C69 /* PBXContainerItemProxy */;
			sourceTree = BUILT_PRODUCTS_DIR;
		};
		2334645313ABEF6C00166C69 /* MacOSXBuildTests.octest */ = {
			isa = PBXReferenceProxy;
			fileType = wrapper.cfbundle;
			path = MacOSXBuildTests.octest;
			remoteRef = 2334645213ABEF6C00166C69 /* PBXContainerItemProxy */;
			sourceTree = BUILT_PRODUCTS_DIR;
		};
/* End PBXReferenceProxy section */

/* Begin PBXResourcesBuildPhase section */
		233463D313ABEBDF00166C69 /* Resources */ = {
			isa = PBXResourcesBuildPhase;
			buildActionMask = 2147483647;
			files = (
				233463E413ABEBE000166C69 /* InfoPlist.strings in Resources */,
				233463ED13ABEBE000166C69 /* MainWindow.xib in Resources */,
				233463F213ABEBE000166C69 /* MainView.xib in Resources */,
				233463F713ABEBE000166C69 /* FlipsideView.xib in Resources */,
				2334641713ABECE600166C69 /* openlcb_iphone_57.png in Resources */,
				2334641913ABECEE00166C69 /* openlcb_iphone_114.png in Resources */,
				23F22A9C13AF072200528339 /* Default.png in Resources */,
				23D9248B16B8F7CC00FB85A8 /* Default-568h@2x.png in Resources */,
			);
			runOnlyForDeploymentPostprocessing = 0;
		};
		233463FA13ABEBE000166C69 /* Resources */ = {
			isa = PBXResourcesBuildPhase;
			buildActionMask = 2147483647;
			files = (
				2334640813ABEBE000166C69 /* InfoPlist.strings in Resources */,
				2334640B13ABEBE000166C69 /* FastClockTests.h in Resources */,
			);
			runOnlyForDeploymentPostprocessing = 0;
		};
/* End PBXResourcesBuildPhase section */

/* Begin PBXShellScriptBuildPhase section */
		233463FB13ABEBE000166C69 /* ShellScript */ = {
			isa = PBXShellScriptBuildPhase;
			buildActionMask = 2147483647;
			files = (
			);
			inputPaths = (
			);
			outputPaths = (
			);
			runOnlyForDeploymentPostprocessing = 0;
			shellPath = /bin/sh;
			shellScript = "# Run the unit tests in this test bundle.\n\"${SYSTEM_DEVELOPER_DIR}/Tools/RunUnitTests\"\n";
		};
/* End PBXShellScriptBuildPhase section */

/* Begin PBXSourcesBuildPhase section */
		233463D113ABEBDF00166C69 /* Sources */ = {
			isa = PBXSourcesBuildPhase;
			buildActionMask = 2147483647;
			files = (
				233463E713ABEBE000166C69 /* main.m in Sources */,
				233463EA13ABEBE000166C69 /* FastClockAppDelegate.m in Sources */,
				233463F013ABEBE000166C69 /* MainViewController.m in Sources */,
			);
			runOnlyForDeploymentPostprocessing = 0;
		};
		233463F813ABEBE000166C69 /* Sources */ = {
			isa = PBXSourcesBuildPhase;
			buildActionMask = 2147483647;
			files = (
				2334640D13ABEBE000166C69 /* FastClockTests.m in Sources */,
			);
			runOnlyForDeploymentPostprocessing = 0;
		};
/* End PBXSourcesBuildPhase section */

/* Begin PBXTargetDependency section */
		2334640213ABEBE000166C69 /* PBXTargetDependency */ = {
			isa = PBXTargetDependency;
			target = 233463D413ABEBDF00166C69 /* FastClock */;
			targetProxy = 2334640113ABEBE000166C69 /* PBXContainerItemProxy */;
		};
/* End PBXTargetDependency section */

/* Begin PBXVariantGroup section */
		233463E213ABEBE000166C69 /* InfoPlist.strings */ = {
			isa = PBXVariantGroup;
			children = (
				233463E313ABEBE000166C69 /* en */,
			);
			name = InfoPlist.strings;
			sourceTree = "<group>";
		};
		233463EB13ABEBE000166C69 /* MainWindow.xib */ = {
			isa = PBXVariantGroup;
			children = (
				233463EC13ABEBE000166C69 /* en */,
			);
			name = MainWindow.xib;
			sourceTree = "<group>";
		};
		2334640613ABEBE000166C69 /* InfoPlist.strings */ = {
			isa = PBXVariantGroup;
			children = (
				2334640713ABEBE000166C69 /* en */,
			);
			name = InfoPlist.strings;
			sourceTree = "<group>";
		};
/* End PBXVariantGroup section */

/* Begin XCBuildConfiguration section */
		2334640E13ABEBE000166C69 /* Debug */ = {
			isa = XCBuildConfiguration;
			buildSettings = {
				ARCHS = "$(ARCHS_STANDARD_32_BIT)";
				"CODE_SIGN_IDENTITY[sdk=iphoneos*]" = "iPhone Developer";
				GCC_C_LANGUAGE_STANDARD = gnu99;
				GCC_OPTIMIZATION_LEVEL = 0;
				GCC_PREPROCESSOR_DEFINITIONS = DEBUG;
				GCC_SYMBOLS_PRIVATE_EXTERN = NO;
				GCC_VERSION = com.apple.compilers.llvmgcc42;
				GCC_WARN_ABOUT_RETURN_TYPE = YES;
				GCC_WARN_UNUSED_VARIABLE = YES;
				GENERATE_PKGINFO_FILE = NO;
				"HEADER_SEARCH_PATHS[arch=*]" = "${PROJECT_DIR}/../../ObjectiveC/OpenLcbLib/";
				IPHONEOS_DEPLOYMENT_TARGET = 4.2;
				PRODUCT_NAME = "";
				SDKROOT = iphoneos;
			};
			name = Debug;
		};
		2334640F13ABEBE000166C69 /* Release */ = {
			isa = XCBuildConfiguration;
			buildSettings = {
				ARCHS = "$(ARCHS_STANDARD_32_BIT)";
				CODE_SIGN_IDENTITY = "iPhone Distribution";
				"CODE_SIGN_IDENTITY[sdk=iphoneos*]" = "iPhone Distribution";
				GCC_C_LANGUAGE_STANDARD = gnu99;
				GCC_VERSION = com.apple.compilers.llvmgcc42;
				GCC_WARN_ABOUT_RETURN_TYPE = YES;
				GCC_WARN_UNUSED_VARIABLE = YES;
				GENERATE_PKGINFO_FILE = NO;
				"HEADER_SEARCH_PATHS[arch=*]" = "${PROJECT_DIR}/../../ObjectiveC/OpenLcbLib/";
				IPHONEOS_DEPLOYMENT_TARGET = 4.2;
				OTHER_CFLAGS = "-DNS_BLOCK_ASSERTIONS=1";
				PRODUCT_NAME = "";
				PROVISIONING_PROFILE = "";
				"PROVISIONING_PROFILE[sdk=iphoneos*]" = "";
				SDKROOT = iphoneos;
			};
			name = Release;
		};
		2334641113ABEBE000166C69 /* Debug */ = {
			isa = XCBuildConfiguration;
			buildSettings = {
				ALWAYS_SEARCH_USER_PATHS = NO;
				"CODE_SIGN_IDENTITY[sdk=iphoneos*]" = "iPhone Developer";
				COPY_PHASE_STRIP = NO;
				GCC_DYNAMIC_NO_PIC = NO;
				GCC_PRECOMPILE_PREFIX_HEADER = YES;
				GCC_PREFIX_HEADER = "FastClock/FastClock-Prefix.pch";
				GCC_VERSION = com.apple.compilers.llvm.clang.1_0;
				GENERATE_PKGINFO_FILE = YES;
				"HEADER_SEARCH_PATHS[arch=*]" = "${PROJECT_DIR}/../../ObjectiveC/OpenLcbLib/";
				INFOPLIST_FILE = "FastClock/FastClock-Info.plist";
				IPHONEOS_DEPLOYMENT_TARGET = 4.0;
				LIBRARY_SEARCH_PATHS = (
					"$(inherited)",
					"\"$(SRCROOT)\"",
				);
				PRODUCT_NAME = "$(TARGET_NAME)";
				"PROVISIONING_PROFILE[sdk=iphoneos*]" = "";
				SKIP_INSTALL = NO;
				WRAPPER_EXTENSION = app;
			};
			name = Debug;
		};
		2334641213ABEBE000166C69 /* Release */ = {
			isa = XCBuildConfiguration;
			buildSettings = {
				ALWAYS_SEARCH_USER_PATHS = NO;
				CODE_SIGN_IDENTITY = "iPhone Distribution";
				"CODE_SIGN_IDENTITY[sdk=iphoneos*]" = "iPhone Distribution";
				COPY_PHASE_STRIP = YES;
				GCC_PRECOMPILE_PREFIX_HEADER = YES;
				GCC_PREFIX_HEADER = "FastClock/FastClock-Prefix.pch";
				GCC_VERSION = com.apple.compilers.llvm.clang.1_0;
				GENERATE_PKGINFO_FILE = YES;
				"HEADER_SEARCH_PATHS[arch=*]" = "${PROJECT_DIR}/../../ObjectiveC/OpenLcbLib/";
				INFOPLIST_FILE = "FastClock/FastClock-Info.plist";
				IPHONEOS_DEPLOYMENT_TARGET = 4.0;
				LIBRARY_SEARCH_PATHS = (
					"$(inherited)",
					"\"$(SRCROOT)\"",
				);
				PRODUCT_NAME = "$(TARGET_NAME)";
				PROVISIONING_PROFILE = "";
				"PROVISIONING_PROFILE[sdk=iphoneos*]" = "";
				SKIP_INSTALL = NO;
				VALIDATE_PRODUCT = YES;
				WRAPPER_EXTENSION = app;
			};
			name = Release;
		};
		2334641413ABEBE000166C69 /* Debug */ = {
			isa = XCBuildConfiguration;
			buildSettings = {
				ALWAYS_SEARCH_USER_PATHS = NO;
				BUNDLE_LOADER = "$(BUILT_PRODUCTS_DIR)/FastClock.app/FastClock";
				FRAMEWORK_SEARCH_PATHS = (
					"$(SDKROOT)/Developer/Library/Frameworks",
					"$(DEVELOPER_LIBRARY_DIR)/Frameworks",
				);
				GCC_PRECOMPILE_PREFIX_HEADER = YES;
				GCC_PREFIX_HEADER = "FastClockTests/FastClockTests-Prefix.pch";
				GCC_VERSION = com.apple.compilers.llvm.clang.1_0;
				INFOPLIST_FILE = "FastClockTests/FastClockTests-Info.plist";
				OTHER_LDFLAGS = (
					"-framework",
					SenTestingKit,
				);
				PRODUCT_NAME = "$(TARGET_NAME)";
				TEST_HOST = "$(BUNDLE_LOADER)";
				WRAPPER_EXTENSION = octest;
			};
			name = Debug;
		};
		2334641513ABEBE000166C69 /* Release */ = {
			isa = XCBuildConfiguration;
			buildSettings = {
				ALWAYS_SEARCH_USER_PATHS = NO;
				BUNDLE_LOADER = "$(BUILT_PRODUCTS_DIR)/FastClock.app/FastClock";
				CODE_SIGN_IDENTITY = "iPhone Distribution";
				FRAMEWORK_SEARCH_PATHS = (
					"$(SDKROOT)/Developer/Library/Frameworks",
					"$(DEVELOPER_LIBRARY_DIR)/Frameworks",
				);
				GCC_PRECOMPILE_PREFIX_HEADER = YES;
				GCC_PREFIX_HEADER = "FastClockTests/FastClockTests-Prefix.pch";
				GCC_VERSION = com.apple.compilers.llvm.clang.1_0;
				INFOPLIST_FILE = "FastClockTests/FastClockTests-Info.plist";
				OTHER_LDFLAGS = (
					"-framework",
					SenTestingKit,
				);
				PRODUCT_NAME = "$(TARGET_NAME)";
				PROVISIONING_PROFILE = "";
				TEST_HOST = "$(BUNDLE_LOADER)";
				WRAPPER_EXTENSION = octest;
			};
			name = Release;
		};
/* End XCBuildConfiguration section */

/* Begin XCConfigurationList section */
		233463CF13ABEBDF00166C69 /* Build configuration list for PBXProject "FastClock" */ = {
			isa = XCConfigurationList;
			buildConfigurations = (
				2334640E13ABEBE000166C69 /* Debug */,
				2334640F13ABEBE000166C69 /* Release */,
			);
			defaultConfigurationIsVisible = 0;
			defaultConfigurationName = Release;
		};
		2334641013ABEBE000166C69 /* Build configuration list for PBXNativeTarget "FastClock" */ = {
			isa = XCConfigurationList;
			buildConfigurations = (
				2334641113ABEBE000166C69 /* Debug */,
				2334641213ABEBE000166C69 /* Release */,
			);
			defaultConfigurationIsVisible = 0;
			defaultConfigurationName = Release;
		};
		2334641313ABEBE000166C69 /* Build configuration list for PBXNativeTarget "FastClockTests" */ = {
			isa = XCConfigurationList;
			buildConfigurations = (
				2334641413ABEBE000166C69 /* Debug */,
				2334641513ABEBE000166C69 /* Release */,
			);
			defaultConfigurationIsVisible = 0;
			defaultConfigurationName = Release;
		};
/* End XCConfigurationList section */
	};
	rootObject = 233463CC13ABEBDF00166C69 /* Project object */;
}
