<?xml version="1.0" encoding="UTF-8"?>
<CONFIG>
  <ProjectOptions>
    <Version Value="9"/>
    <PathDelim Value="\"/>
    <General>
      <SessionStorage Value="InProjectDir"/>
      <MainUnit Value="0"/>
      <Title Value="OLCB_Commander"/>
      <ResourceType Value="res"/>
      <UseXPManifest Value="True"/>
      <Icon Value="0"/>
    </General>
    <i18n>
      <EnableI18N LFM="False"/>
    </i18n>
    <VersionInfo>
      <StringTable ProductVersion=""/>
    </VersionInfo>
    <BuildModes Count="1">
      <Item1 Name="Default" Default="True"/>
    </BuildModes>
    <PublishOptions>
      <Version Value="2"/>
      <IncludeFileFilter Value="*.(pas|pp|inc|lfm|lpr|lrs|lpi|lpk|sh|xml)"/>
      <ExcludeFileFilter Value="*.(bak|ppu|o|so);*~;backup"/>
    </PublishOptions>
    <RunParams>
      <local>
        <FormatVersion Value="1"/>
        <LaunchingApplication PathPlusParams="\usr\bin\xterm -T 'Lazarus Run Output' -e $(LazarusDir)\tools\runwait.sh $(TargetCmdLine)"/>
      </local>
    </RunParams>
    <RequiredPackages Count="3">
      <Item1>
        <PackageName Value="KHexEditorLaz"/>
      </Item1>
      <Item2>
        <PackageName Value="SynEdit"/>
      </Item2>
      <Item3>
        <PackageName Value="LCL"/>
      </Item3>
    </RequiredPackages>
    <Units Count="22">
      <Unit0>
        <Filename Value="OLCB_Commander.lpr"/>
        <IsPartOfProject Value="True"/>
        <UnitName Value="OLCB_Commander"/>
      </Unit0>
      <Unit1>
        <Filename Value="form_main.pas"/>
        <IsPartOfProject Value="True"/>
        <ComponentName Value="FormOLCB_Commander"/>
        <HasResources Value="True"/>
        <ResourceBaseClass Value="Form"/>
        <UnitName Value="form_main"/>
      </Unit1>
      <Unit2>
        <Filename Value="..\Library\olcb_app_common_settings.pas"/>
        <IsPartOfProject Value="True"/>
        <UnitName Value="olcb_app_common_settings"/>
      </Unit2>
      <Unit3>
        <Filename Value="..\Library\file_utilities.pas"/>
        <IsPartOfProject Value="True"/>
        <UnitName Value="file_utilities"/>
      </Unit3>
      <Unit4>
        <Filename Value="form_settings.pas"/>
        <IsPartOfProject Value="True"/>
        <ComponentName Value="FormSettings"/>
        <HasResources Value="True"/>
        <ResourceBaseClass Value="Form"/>
        <UnitName Value="form_settings"/>
      </Unit4>
      <Unit5>
        <Filename Value="form_about.pas"/>
        <IsPartOfProject Value="True"/>
        <ComponentName Value="FormAbout"/>
        <HasResources Value="True"/>
        <ResourceBaseClass Value="Form"/>
        <UnitName Value="form_about"/>
      </Unit5>
      <Unit6>
        <Filename Value="form_ethernet_messagelog.pas"/>
        <IsPartOfProject Value="True"/>
        <ComponentName Value="FormEthernetMessageLog"/>
        <HasResources Value="True"/>
        <ResourceBaseClass Value="Form"/>
        <UnitName Value="form_ethernet_messagelog"/>
      </Unit6>
      <Unit7>
        <Filename Value="..\Library\common_utilities.pas"/>
        <IsPartOfProject Value="True"/>
        <UnitName Value="common_utilities"/>
      </Unit7>
      <Unit8>
        <Filename Value="..\Library\olcb_node.pas"/>
        <IsPartOfProject Value="True"/>
        <UnitName Value="olcb_node"/>
      </Unit8>
      <Unit9>
        <Filename Value="..\Library\com_port_hub.pas"/>
        <IsPartOfProject Value="True"/>
        <UnitName Value="com_port_hub"/>
      </Unit9>
      <Unit10>
        <Filename Value="form_config_mem_viewer.pas"/>
        <IsPartOfProject Value="True"/>
        <ComponentName Value="FormMemConfigViewer"/>
        <HasResources Value="True"/>
        <ResourceBaseClass Value="Form"/>
        <UnitName Value="form_config_mem_viewer"/>
      </Unit10>
      <Unit11>
        <Filename Value="common_objects.pas"/>
        <IsPartOfProject Value="True"/>
        <UnitName Value="common_objects"/>
      </Unit11>
      <Unit12>
        <Filename Value="form_awesome_throttle.pas"/>
        <IsPartOfProject Value="True"/>
        <ComponentName Value="FormAwesomeThrottle"/>
        <HasResources Value="True"/>
        <ResourceBaseClass Value="Form"/>
        <UnitName Value="form_awesome_throttle"/>
      </Unit12>
      <Unit13>
        <Filename Value="form_awesome_throttle_deallocate_error.pas"/>
        <IsPartOfProject Value="True"/>
        <ComponentName Value="FormDeallocationError"/>
        <HasResources Value="True"/>
        <ResourceBaseClass Value="Form"/>
        <UnitName Value="form_awesome_throttle_deallocate_error"/>
      </Unit13>
      <Unit14>
        <Filename Value="form_awesome_throttle_duplicate_address.pas"/>
        <IsPartOfProject Value="True"/>
        <ComponentName Value="FormMulitipleTrains"/>
        <HasResources Value="True"/>
        <ResourceBaseClass Value="Form"/>
        <UnitName Value="form_awesome_throttle_duplicate_address"/>
      </Unit14>
      <Unit15>
        <Filename Value="form_train_config_editor.pas"/>
        <IsPartOfProject Value="True"/>
        <ComponentName Value="FormTrainConfigEditor"/>
        <HasResources Value="True"/>
        <ResourceBaseClass Value="Form"/>
        <UnitName Value="form_train_config_editor"/>
      </Unit15>
      <Unit16>
        <Filename Value="unit_cdi_parser.pas"/>
        <IsPartOfProject Value="True"/>
        <UnitName Value="unit_cdi_parser"/>
      </Unit16>
      <Unit17>
        <Filename Value="form_messagelog.pas"/>
        <IsPartOfProject Value="True"/>
        <ComponentName Value="FormMessageLog"/>
        <HasResources Value="True"/>
        <ResourceBaseClass Value="Form"/>
        <UnitName Value="form_messagelog"/>
      </Unit17>
      <Unit18>
        <Filename Value="olcb_transport_layer.pas"/>
        <IsPartOfProject Value="True"/>
        <UnitName Value="olcb_transport_layer"/>
      </Unit18>
      <Unit19>
        <Filename Value="..\Library\olcb_utilities.pas"/>
        <IsPartOfProject Value="True"/>
        <UnitName Value="olcb_utilities"/>
      </Unit19>
      <Unit20>
        <Filename Value="..\Library\olcb_defines.pas"/>
        <IsPartOfProject Value="True"/>
        <UnitName Value="olcb_defines"/>
      </Unit20>
      <Unit21>
        <Filename Value="..\Library\ethernet_hub.pas"/>
        <IsPartOfProject Value="True"/>
        <UnitName Value="ethernet_hub"/>
      </Unit21>
    </Units>
  </ProjectOptions>
  <CompilerOptions>
    <Version Value="11"/>
    <PathDelim Value="\"/>
    <Target>
      <Filename Value="Compiled_Binaries\$(TargetCPU)-$(TargetOS)\OlcbCommander.app\Contents\MacOS\OlcbCommander"/>
    </Target>
    <SearchPaths>
      <IncludeFiles Value="$(ProjOutDir)"/>
      <OtherUnitFiles Value="..\Library;..\Components\synapse40\source\lib;..\Components\kHexEditor\source;..\Components\RackCtls"/>
      <UnitOutputDirectory Value="lib\$(TargetCPU)-$(TargetOS)"/>
    </SearchPaths>
    <Conditionals Value="if TargetOS = 'darwin' then
begin
  CustomOptions += '-k-macosx_version_min -k10.4';
  CustomOptions += '-XR/Developer/SDKs/MacOSX10.4u.sdk/';
  CustomOptions += ' -dUseCThreads';
end;
if TargetOS = 'linux' then
  CustomOptions += ' -dUseCThreads';"/>
    <BuildMacros>
      <Count Value="1"/>
      <Item1>
        <Identifier Value="MustangpeakCompilerOptions"/>
        <Description Value="Compiler Options for Platforms"/>
      </Item1>
    </BuildMacros>
    <CodeGeneration>
      <Optimizations>
        <OptimizationLevel Value="0"/>
      </Optimizations>
    </CodeGeneration>
    <Linking>
      <Debugging>
        <DebugInfoType Value="dsDwarf2"/>
        <UseValgrind Value="True"/>
      </Debugging>
      <Options>
        <Win32>
          <GraphicApplication Value="True"/>
        </Win32>
      </Options>
    </Linking>
    <Other>
      <CompilerMessages>
        <MsgFileName Value=""/>
      </CompilerMessages>
      <CompilerPath Value="$(CompPath)"/>
    </Other>
  </CompilerOptions>
  <Debugging>
    <Exceptions Count="3">
      <Item1>
        <Name Value="EAbort"/>
      </Item1>
      <Item2>
        <Name Value="ECodetoolError"/>
      </Item2>
      <Item3>
        <Name Value="EFOpenError"/>
      </Item3>
    </Exceptions>
  </Debugging>
</CONFIG>