// !$*UTF8*$!
{
	archiveVersion = 1;
	classes = {
	};
	objectVersion = 46;
	objects = {

/* Begin PBXBuildFile section */
		238CE31E137753F0005F220A /* UIKit.framework in Frameworks */ = {isa = PBXBuildFile; fileRef = 238CE31D137753F0005F220A /* UIKit.framework */; };
		238CE320137753F0005F220A /* Foundation.framework in Frameworks */ = {isa = PBXBuildFile; fileRef = 238CE31F137753F0005F220A /* Foundation.framework */; };
		238CE322137753F0005F220A /* CoreGraphics.framework in Frameworks */ = {isa = PBXBuildFile; fileRef = 238CE321137753F0005F220A /* CoreGraphics.framework */; };
		238CE328137753F0005F220A /* InfoPlist.strings in Resources */ = {isa = PBXBuildFile; fileRef = 238CE326137753F0005F220A /* InfoPlist.strings */; };
		238CE32B137753F0005F220A /* main.m in Sources */ = {isa = PBXBuildFile; fileRef = 238CE32A137753F0005F220A /* main.m */; };
		238CE32E137753F0005F220A /* OlcbToolsAppDelegate.m in Sources */ = {isa = PBXBuildFile; fileRef = 238CE32D137753F0005F220A /* OlcbToolsAppDelegate.m */; };
		238CE331137753F0005F220A /* MainWindow.xib in Resources */ = {isa = PBXBuildFile; fileRef = 238CE32F137753F0005F220A /* MainWindow.xib */; };
		238CE334137753F0005F220A /* MonitorViewController.m in Sources */ = {isa = PBXBuildFile; fileRef = 238CE333137753F0005F220A /* MonitorViewController.m */; };
		238CE337137753F1005F220A /* EventViewController.m in Sources */ = {isa = PBXBuildFile; fileRef = 238CE336137753F1005F220A /* EventViewController.m */; };
		238CE33A137753F1005F220A /* MonitorView.xib in Resources */ = {isa = PBXBuildFile; fileRef = 238CE338137753F1005F220A /* MonitorView.xib */; };
		238CE33D137753F1005F220A /* EventView.xib in Resources */ = {isa = PBXBuildFile; fileRef = 238CE33B137753F1005F220A /* EventView.xib */; };
		238CE344137753F1005F220A /* UIKit.framework in Frameworks */ = {isa = PBXBuildFile; fileRef = 238CE31D137753F0005F220A /* UIKit.framework */; };
		238CE345137753F1005F220A /* Foundation.framework in Frameworks */ = {isa = PBXBuildFile; fileRef = 238CE31F137753F0005F220A /* Foundation.framework */; };
		238CE346137753F1005F220A /* CoreGraphics.framework in Frameworks */ = {isa = PBXBuildFile; fileRef = 238CE321137753F0005F220A /* CoreGraphics.framework */; };
		238CE34E137753F1005F220A /* InfoPlist.strings in Resources */ = {isa = PBXBuildFile; fileRef = 238CE34C137753F1005F220A /* InfoPlist.strings */; };
		238CE351137753F1005F220A /* OlcbToolsTests.h in Resources */ = {isa = PBXBuildFile; fileRef = 238CE350137753F1005F220A /* OlcbToolsTests.h */; };
		238CE353137753F1005F220A /* OlcbToolsTests.m in Sources */ = {isa = PBXBuildFile; fileRef = 238CE352137753F1005F220A /* OlcbToolsTests.m */; };
		238CE35D13775480005F220A /* 09-chat-2.png in Resources */ = {isa = PBXBuildFile; fileRef = 238CE35C13775480005F220A /* 09-chat-2.png */; };
		238CE35F1377548C005F220A /* 12-eye.png in Resources */ = {isa = PBXBuildFile; fileRef = 238CE35E1377548C005F220A /* 12-eye.png */; };
		23C4BD7F13775CF900608B7F /* ReceiveViewController.m in Sources */ = {isa = PBXBuildFile; fileRef = 23C4BD7E13775CF900608B7F /* ReceiveViewController.m */; };
		23C4BD8A13775FA900608B7F /* NoImage.png in Resources */ = {isa = PBXBuildFile; fileRef = 23C4BD8913775FA900608B7F /* NoImage.png */; };
		23C4BDA3137784C000608B7F /* OlcbCanUsbLine.m in Sources */ = {isa = PBXBuildFile; fileRef = 23C4BDA2137784C000608B7F /* OlcbCanUsbLine.m */; };
/* End PBXBuildFile section */

/* Begin PBXContainerItemProxy section */
		238CE347137753F1005F220A /* PBXContainerItemProxy */ = {
			isa = PBXContainerItemProxy;
			containerPortal = 238CE310137753F0005F220A /* Project object */;
			proxyType = 1;
			remoteGlobalIDString = 238CE318137753F0005F220A;
			remoteInfo = OlcbTools;
		};
/* End PBXContainerItemProxy section */

/* Begin PBXFileReference section */
		238CE319137753F0005F220A /* OlcbTools.app */ = {isa = PBXFileReference; explicitFileType = wrapper.application; includeInIndex = 0; path = OlcbTools.app; sourceTree = BUILT_PRODUCTS_DIR; };
		238CE31D137753F0005F220A /* UIKit.framework */ = {isa = PBXFileReference; lastKnownFileType = wrapper.framework; name = UIKit.framework; path = System/Library/Frameworks/UIKit.framework; sourceTree = SDKROOT; };
		238CE31F137753F0005F220A /* Foundation.framework */ = {isa = PBXFileReference; lastKnownFileType = wrapper.framework; name = Foundation.framework; path = System/Library/Frameworks/Foundation.framework; sourceTree = SDKROOT; };
		238CE321137753F0005F220A /* CoreGraphics.framework */ = {isa = PBXFileReference; lastKnownFileType = wrapper.framework; name = CoreGraphics.framework; path = System/Library/Frameworks/CoreGraphics.framework; sourceTree = SDKROOT; };
		238CE325137753F0005F220A /* OlcbTools-Info.plist */ = {isa = PBXFileReference; lastKnownFileType = text.plist.xml; path = "OlcbTools-Info.plist"; sourceTree = "<group>"; };
		238CE327137753F0005F220A /* en */ = {isa = PBXFileReference; lastKnownFileType = text.plist.strings; name = en; path = en.lproj/InfoPlist.strings; sourceTree = "<group>"; };
		238CE329137753F0005F220A /* OlcbTools-Prefix.pch */ = {isa = PBXFileReference; lastKnownFileType = sourcecode.c.h; path = "OlcbTools-Prefix.pch"; sourceTree = "<group>"; };
		238CE32A137753F0005F220A /* main.m */ = {isa = PBXFileReference; lastKnownFileType = sourcecode.c.objc; path = main.m; sourceTree = "<group>"; };
		238CE32C137753F0005F220A /* OlcbToolsAppDelegate.h */ = {isa = PBXFileReference; lastKnownFileType = sourcecode.c.h; path = OlcbToolsAppDelegate.h; sourceTree = "<group>"; };
		238CE32D137753F0005F220A /* OlcbToolsAppDelegate.m */ = {isa = PBXFileReference; lastKnownFileType = sourcecode.c.objc; path = OlcbToolsAppDelegate.m; sourceTree = "<group>"; };
		238CE330137753F0005F220A /* en */ = {isa = PBXFileReference; lastKnownFileType = file.xib; name = en; path = en.lproj/MainWindow.xib; sourceTree = "<group>"; };
		238CE332137753F0005F220A /* MonitorViewController.h */ = {isa = PBXFileReference; lastKnownFileType = sourcecode.c.h; path = MonitorViewController.h; sourceTree = "<group>"; };
		238CE333137753F0005F220A /* MonitorViewController.m */ = {isa = PBXFileReference; lastKnownFileType = sourcecode.c.objc; path = MonitorViewController.m; sourceTree = "<group>"; };
		238CE335137753F1005F220A /* EventViewController.h */ = {isa = PBXFileReference; lastKnownFileType = sourcecode.c.h; path = EventViewController.h; sourceTree = "<group>"; };
		238CE336137753F1005F220A /* EventViewController.m */ = {isa = PBXFileReference; lastKnownFileType = sourcecode.c.objc; path = EventViewController.m; sourceTree = "<group>"; };
		238CE339137753F1005F220A /* en */ = {isa = PBXFileReference; lastKnownFileType = file.xib; name = en; path = en.lproj/MonitorView.xib; sourceTree = "<group>"; };
		238CE33C137753F1005F220A /* en */ = {isa = PBXFileReference; lastKnownFileType = file.xib; name = en; path = en.lproj/EventView.xib; sourceTree = "<group>"; };
		238CE343137753F1005F220A /* OlcbToolsTests.octest */ = {isa = PBXFileReference; explicitFileType = wrapper.cfbundle; includeInIndex = 0; path = OlcbToolsTests.octest; sourceTree = BUILT_PRODUCTS_DIR; };
		238CE34B137753F1005F220A /* OlcbToolsTests-Info.plist */ = {isa = PBXFileReference; lastKnownFileType = text.plist.xml; path = "OlcbToolsTests-Info.plist"; sourceTree = "<group>"; };
		238CE34D137753F1005F220A /* en */ = {isa = PBXFileReference; lastKnownFileType = text.plist.strings; name = en; path = en.lproj/InfoPlist.strings; sourceTree = "<group>"; };
		238CE34F137753F1005F220A /* OlcbToolsTests-Prefix.pch */ = {isa = PBXFileReference; lastKnownFileType = sourcecode.c.h; path = "OlcbToolsTests-Prefix.pch"; sourceTree = "<group>"; };
		238CE350137753F1005F220A /* OlcbToolsTests.h */ = {isa = PBXFileReference; lastKnownFileType = sourcecode.c.h; path = OlcbToolsTests.h; sourceTree = "<group>"; };
		238CE352137753F1005F220A /* OlcbToolsTests.m */ = {isa = PBXFileReference; lastKnownFileType = sourcecode.c.objc; path = OlcbToolsTests.m; sourceTree = "<group>"; };
		238CE35C13775480005F220A /* 09-chat-2.png */ = {isa = PBXFileReference; lastKnownFileType = image.png; path = "09-chat-2.png"; sourceTree = "<group>"; };
		238CE35E1377548C005F220A /* 12-eye.png */ = {isa = PBXFileReference; lastKnownFileType = image.png; path = "12-eye.png"; sourceTree = "<group>"; };
		23C4BD7D13775CF900608B7F /* ReceiveViewController.h */ = {isa = PBXFileReference; fileEncoding = 4; lastKnownFileType = sourcecode.c.h; path = ReceiveViewController.h; sourceTree = "<group>"; };
		23C4BD7E13775CF900608B7F /* ReceiveViewController.m */ = {isa = PBXFileReference; fileEncoding = 4; lastKnownFileType = sourcecode.c.objc; path = ReceiveViewController.m; sourceTree = "<group>"; };
		23C4BD8913775FA900608B7F /* NoImage.png */ = {isa = PBXFileReference; lastKnownFileType = image.png; path = NoImage.png; sourceTree = "<group>"; };
		23C4BDA1137784C000608B7F /* OlcbCanUsbLine.h */ = {isa = PBXFileReference; fileEncoding = 4; lastKnownFileType = sourcecode.c.h; path = OlcbCanUsbLine.h; sourceTree = "<group>"; };
		23C4BDA2137784C000608B7F /* OlcbCanUsbLine.m */ = {isa = PBXFileReference; fileEncoding = 4; lastKnownFileType = sourcecode.c.objc; path = OlcbCanUsbLine.m; sourceTree = "<group>"; };
/* End PBXFileReference section */

/* Begin PBXFrameworksBuildPhase section */
		238CE316137753F0005F220A /* Frameworks */ = {
			isa = PBXFrameworksBuildPhase;
			buildActionMask = 2147483647;
			files = (
				238CE31E137753F0005F220A /* UIKit.framework in Frameworks */,
				238CE320137753F0005F220A /* Foundation.framework in Frameworks */,
				238CE322137753F0005F220A /* CoreGraphics.framework in Frameworks */,
			);
			runOnlyForDeploymentPostprocessing = 0;
		};
		238CE33F137753F1005F220A /* Frameworks */ = {
			isa = PBXFrameworksBuildPhase;
			buildActionMask = 2147483647;
			files = (
				238CE344137753F1005F220A /* UIKit.framework in Frameworks */,
				238CE345137753F1005F220A /* Foundation.framework in Frameworks */,
				238CE346137753F1005F220A /* CoreGraphics.framework in Frameworks */,
			);
			runOnlyForDeploymentPostprocessing = 0;
		};
/* End PBXFrameworksBuildPhase section */

/* Begin PBXGroup section */
		238CE30E137753F0005F220A = {
			isa = PBXGroup;
			children = (
				238CE323137753F0005F220A /* OlcbTools */,
				238CE349137753F1005F220A /* OlcbToolsTests */,
				238CE31C137753F0005F220A /* Frameworks */,
				238CE31A137753F0005F220A /* Products */,
			);
			sourceTree = "<group>";
		};
		238CE31A137753F0005F220A /* Products */ = {
			isa = PBXGroup;
			children = (
				238CE319137753F0005F220A /* OlcbTools.app */,
				238CE343137753F1005F220A /* OlcbToolsTests.octest */,
			);
			name = Products;
			sourceTree = "<group>";
		};
		238CE31C137753F0005F220A /* Frameworks */ = {
			isa = PBXGroup;
			children = (
				238CE31D137753F0005F220A /* UIKit.framework */,
				238CE31F137753F0005F220A /* Foundation.framework */,
				238CE321137753F0005F220A /* CoreGraphics.framework */,
			);
			name = Frameworks;
			sourceTree = "<group>";
		};
		238CE323137753F0005F220A /* OlcbTools */ = {
			isa = PBXGroup;
			children = (
				23C4BDAD137789A500608B7F /* OpenLCB */,
				238CE32C137753F0005F220A /* OlcbToolsAppDelegate.h */,
				238CE32D137753F0005F220A /* OlcbToolsAppDelegate.m */,
				238CE332137753F0005F220A /* MonitorViewController.h */,
				238CE333137753F0005F220A /* MonitorViewController.m */,
				238CE335137753F1005F220A /* EventViewController.h */,
				238CE336137753F1005F220A /* EventViewController.m */,
				23C4BD7D13775CF900608B7F /* ReceiveViewController.h */,
				23C4BD7E13775CF900608B7F /* ReceiveViewController.m */,
				238CE32F137753F0005F220A /* MainWindow.xib */,
				238CE338137753F1005F220A /* MonitorView.xib */,
				238CE33B137753F1005F220A /* EventView.xib */,
				238CE324137753F0005F220A /* Supporting Files */,
			);
			path = OlcbTools;
			sourceTree = "<group>";
		};
		238CE324137753F0005F220A /* Supporting Files */ = {
			isa = PBXGroup;
			children = (
				238CE35C13775480005F220A /* 09-chat-2.png */,
				238CE35E1377548C005F220A /* 12-eye.png */,
				23C4BD8913775FA900608B7F /* NoImage.png */,
				238CE325137753F0005F220A /* OlcbTools-Info.plist */,
				238CE326137753F0005F220A /* InfoPlist.strings */,
				238CE329137753F0005F220A /* OlcbTools-Prefix.pch */,
				238CE32A137753F0005F220A /* main.m */,
			);
			name = "Supporting Files";
			sourceTree = "<group>";
		};
		238CE349137753F1005F220A /* OlcbToolsTests */ = {
			isa = PBXGroup;
			children = (
				238CE350137753F1005F220A /* OlcbToolsTests.h */,
				238CE352137753F1005F220A /* OlcbToolsTests.m */,
				238CE34A137753F1005F220A /* Supporting Files */,
			);
			path = OlcbToolsTests;
			sourceTree = "<group>";
		};
		238CE34A137753F1005F220A /* Supporting Files */ = {
			isa = PBXGroup;
			children = (
				238CE34B137753F1005F220A /* OlcbToolsTests-Info.plist */,
				238CE34C137753F1005F220A /* InfoPlist.strings */,
				238CE34F137753F1005F220A /* OlcbToolsTests-Prefix.pch */,
			);
			name = "Supporting Files";
			sourceTree = "<group>";
		};
		23C4BDAD137789A500608B7F /* OpenLCB */ = {
			isa = PBXGroup;
			children = (
				23C4BDA1137784C000608B7F /* OlcbCanUsbLine.h */,
				23C4BDA2137784C000608B7F /* OlcbCanUsbLine.m */,
			);
			name = OpenLCB;
			sourceTree = "<group>";
		};
/* End PBXGroup section */

/* Begin PBXNativeTarget section */
		238CE318137753F0005F220A /* OlcbTools */ = {
			isa = PBXNativeTarget;
			buildConfigurationList = 238CE356137753F1005F220A /* Build configuration list for PBXNativeTarget "OlcbTools" */;
			buildPhases = (
				238CE315137753F0005F220A /* Sources */,
				238CE316137753F0005F220A /* Frameworks */,
				238CE317137753F0005F220A /* Resources */,
			);
			buildRules = (
			);
			dependencies = (
			);
			name = OlcbTools;
			productName = OlcbTools;
			productReference = 238CE319137753F0005F220A /* OlcbTools.app */;
			productType = "com.apple.product-type.application";
		};
		238CE342137753F1005F220A /* OlcbToolsTests */ = {
			isa = PBXNativeTarget;
			buildConfigurationList = 238CE359137753F1005F220A /* Build configuration list for PBXNativeTarget "OlcbToolsTests" */;
			buildPhases = (
				238CE33E137753F1005F220A /* Sources */,
				238CE33F137753F1005F220A /* Frameworks */,
				238CE340137753F1005F220A /* Resources */,
				238CE341137753F1005F220A /* ShellScript */,
			);
			buildRules = (
			);
			dependencies = (
				238CE348137753F1005F220A /* PBXTargetDependency */,
			);
			name = OlcbToolsTests;
			productName = OlcbToolsTests;
			productReference = 238CE343137753F1005F220A /* OlcbToolsTests.octest */;
			productType = "com.apple.product-type.bundle";
		};
/* End PBXNativeTarget section */

/* Begin PBXProject section */
		238CE310137753F0005F220A /* Project object */ = {
			isa = PBXProject;
			buildConfigurationList = 238CE313137753F0005F220A /* Build configuration list for PBXProject "OlcbTools" */;
			compatibilityVersion = "Xcode 3.2";
			developmentRegion = English;
			hasScannedForEncodings = 0;
			knownRegions = (
				en,
			);
			mainGroup = 238CE30E137753F0005F220A;
			productRefGroup = 238CE31A137753F0005F220A /* Products */;
			projectDirPath = "";
			projectRoot = "";
			targets = (
				238CE318137753F0005F220A /* OlcbTools */,
				238CE342137753F1005F220A /* OlcbToolsTests */,
			);
		};
/* End PBXProject section */

/* Begin PBXResourcesBuildPhase section */
		238CE317137753F0005F220A /* Resources */ = {
			isa = PBXResourcesBuildPhase;
			buildActionMask = 2147483647;
			files = (
				238CE328137753F0005F220A /* InfoPlist.strings in Resources */,
				238CE331137753F0005F220A /* MainWindow.xib in Resources */,
				238CE33A137753F1005F220A /* MonitorView.xib in Resources */,
				238CE33D137753F1005F220A /* EventView.xib in Resources */,
				238CE35D13775480005F220A /* 09-chat-2.png in Resources */,
				238CE35F1377548C005F220A /* 12-eye.png in Resources */,
				23C4BD8A13775FA900608B7F /* NoImage.png in Resources */,
			);
			runOnlyForDeploymentPostprocessing = 0;
		};
		238CE340137753F1005F220A /* Resources */ = {
			isa = PBXResourcesBuildPhase;
			buildActionMask = 2147483647;
			files = (
				238CE34E137753F1005F220A /* InfoPlist.strings in Resources */,
				238CE351137753F1005F220A /* OlcbToolsTests.h in Resources */,
			);
			runOnlyForDeploymentPostprocessing = 0;
		};
/* End PBXResourcesBuildPhase section */

/* Begin PBXShellScriptBuildPhase section */
		238CE341137753F1005F220A /* ShellScript */ = {
			isa = PBXShellScriptBuildPhase;
			buildActionMask = 2147483647;
			files = (
			);
			inputPaths = (
			);
			outputPaths = (
			);
			runOnlyForDeploymentPostprocessing = 0;
			shellPath = /bin/sh;
			shellScript = "# Run the unit tests in this test bundle.\n\"${SYSTEM_DEVELOPER_DIR}/Tools/RunUnitTests\"\n";
		};
/* End PBXShellScriptBuildPhase section */

/* Begin PBXSourcesBuildPhase section */
		238CE315137753F0005F220A /* Sources */ = {
			isa = PBXSourcesBuildPhase;
			buildActionMask = 2147483647;
			files = (
				238CE32B137753F0005F220A /* main.m in Sources */,
				238CE32E137753F0005F220A /* OlcbToolsAppDelegate.m in Sources */,
				238CE334137753F0005F220A /* MonitorViewController.m in Sources */,
				238CE337137753F1005F220A /* EventViewController.m in Sources */,
				23C4BD7F13775CF900608B7F /* ReceiveViewController.m in Sources */,
				23C4BDA3137784C000608B7F /* OlcbCanUsbLine.m in Sources */,
			);
			runOnlyForDeploymentPostprocessing = 0;
		};
		238CE33E137753F1005F220A /* Sources */ = {
			isa = PBXSourcesBuildPhase;
			buildActionMask = 2147483647;
			files = (
				238CE353137753F1005F220A /* OlcbToolsTests.m in Sources */,
			);
			runOnlyForDeploymentPostprocessing = 0;
		};
/* End PBXSourcesBuildPhase section */

/* Begin PBXTargetDependency section */
		238CE348137753F1005F220A /* PBXTargetDependency */ = {
			isa = PBXTargetDependency;
			target = 238CE318137753F0005F220A /* OlcbTools */;
			targetProxy = 238CE347137753F1005F220A /* PBXContainerItemProxy */;
		};
/* End PBXTargetDependency section */

/* Begin PBXVariantGroup section */
		238CE326137753F0005F220A /* InfoPlist.strings */ = {
			isa = PBXVariantGroup;
			children = (
				238CE327137753F0005F220A /* en */,
			);
			name = InfoPlist.strings;
			sourceTree = "<group>";
		};
		238CE32F137753F0005F220A /* MainWindow.xib */ = {
			isa = PBXVariantGroup;
			children = (
				238CE330137753F0005F220A /* en */,
			);
			name = MainWindow.xib;
			sourceTree = "<group>";
		};
		238CE338137753F1005F220A /* MonitorView.xib */ = {
			isa = PBXVariantGroup;
			children = (
				238CE339137753F1005F220A /* en */,
			);
			name = MonitorView.xib;
			sourceTree = "<group>";
		};
		238CE33B137753F1005F220A /* EventView.xib */ = {
			isa = PBXVariantGroup;
			children = (
				238CE33C137753F1005F220A /* en */,
			);
			name = EventView.xib;
			sourceTree = "<group>";
		};
		238CE34C137753F1005F220A /* InfoPlist.strings */ = {
			isa = PBXVariantGroup;
			children = (
				238CE34D137753F1005F220A /* en */,
			);
			name = InfoPlist.strings;
			sourceTree = "<group>";
		};
/* End PBXVariantGroup section */

/* Begin XCBuildConfiguration section */
		238CE354137753F1005F220A /* Debug */ = {
			isa = XCBuildConfiguration;
			buildSettings = {
				ARCHS = "$(ARCHS_STANDARD_32_BIT)";
				"CODE_SIGN_IDENTITY[sdk=iphoneos*]" = "iPhone Developer";
				GCC_C_LANGUAGE_STANDARD = gnu99;
				GCC_OPTIMIZATION_LEVEL = 0;
				GCC_PREPROCESSOR_DEFINITIONS = DEBUG;
				GCC_SYMBOLS_PRIVATE_EXTERN = NO;
				GCC_VERSION = com.apple.compilers.llvmgcc42;
				GCC_WARN_ABOUT_RETURN_TYPE = YES;
				GCC_WARN_UNUSED_VARIABLE = YES;
				IPHONEOS_DEPLOYMENT_TARGET = 4.3;
				SDKROOT = iphoneos;
			};
			name = Debug;
		};
		238CE355137753F1005F220A /* Release */ = {
			isa = XCBuildConfiguration;
			buildSettings = {
				ARCHS = "$(ARCHS_STANDARD_32_BIT)";
				"CODE_SIGN_IDENTITY[sdk=iphoneos*]" = "iPhone Developer";
				GCC_C_LANGUAGE_STANDARD = gnu99;
				GCC_VERSION = com.apple.compilers.llvmgcc42;
				GCC_WARN_ABOUT_RETURN_TYPE = YES;
				GCC_WARN_UNUSED_VARIABLE = YES;
				IPHONEOS_DEPLOYMENT_TARGET = 4.3;
				OTHER_CFLAGS = "-DNS_BLOCK_ASSERTIONS=1";
				SDKROOT = iphoneos;
			};
			name = Release;
		};
		238CE357137753F1005F220A /* Debug */ = {
			isa = XCBuildConfiguration;
			buildSettings = {
				ALWAYS_SEARCH_USER_PATHS = NO;
				COPY_PHASE_STRIP = NO;
				GCC_DYNAMIC_NO_PIC = NO;
				GCC_PRECOMPILE_PREFIX_HEADER = YES;
				GCC_PREFIX_HEADER = "OlcbTools/OlcbTools-Prefix.pch";
				INFOPLIST_FILE = "OlcbTools/OlcbTools-Info.plist";
				PRODUCT_NAME = "$(TARGET_NAME)";
				WRAPPER_EXTENSION = app;
			};
			name = Debug;
		};
		238CE358137753F1005F220A /* Release */ = {
			isa = XCBuildConfiguration;
			buildSettings = {
				ALWAYS_SEARCH_USER_PATHS = NO;
				COPY_PHASE_STRIP = YES;
				GCC_PRECOMPILE_PREFIX_HEADER = YES;
				GCC_PREFIX_HEADER = "OlcbTools/OlcbTools-Prefix.pch";
				INFOPLIST_FILE = "OlcbTools/OlcbTools-Info.plist";
				PRODUCT_NAME = "$(TARGET_NAME)";
				VALIDATE_PRODUCT = YES;
				WRAPPER_EXTENSION = app;
			};
			name = Release;
		};
		238CE35A137753F1005F220A /* Debug */ = {
			isa = XCBuildConfiguration;
			buildSettings = {
				ALWAYS_SEARCH_USER_PATHS = NO;
				BUNDLE_LOADER = "$(BUILT_PRODUCTS_DIR)/OlcbTools.app/OlcbTools";
				FRAMEWORK_SEARCH_PATHS = (
					"$(SDKROOT)/Developer/Library/Frameworks",
					"$(DEVELOPER_LIBRARY_DIR)/Frameworks",
				);
				GCC_PRECOMPILE_PREFIX_HEADER = YES;
				GCC_PREFIX_HEADER = "OlcbToolsTests/OlcbToolsTests-Prefix.pch";
				INFOPLIST_FILE = "OlcbToolsTests/OlcbToolsTests-Info.plist";
				OTHER_LDFLAGS = (
					"-framework",
					SenTestingKit,
				);
				PRODUCT_NAME = "$(TARGET_NAME)";
				TEST_HOST = "$(BUNDLE_LOADER)";
				WRAPPER_EXTENSION = octest;
			};
			name = Debug;
		};
		238CE35B137753F1005F220A /* Release */ = {
			isa = XCBuildConfiguration;
			buildSettings = {
				ALWAYS_SEARCH_USER_PATHS = NO;
				BUNDLE_LOADER = "$(BUILT_PRODUCTS_DIR)/OlcbTools.app/OlcbTools";
				FRAMEWORK_SEARCH_PATHS = (
					"$(SDKROOT)/Developer/Library/Frameworks",
					"$(DEVELOPER_LIBRARY_DIR)/Frameworks",
				);
				GCC_PRECOMPILE_PREFIX_HEADER = YES;
				GCC_PREFIX_HEADER = "OlcbToolsTests/OlcbToolsTests-Prefix.pch";
				INFOPLIST_FILE = "OlcbToolsTests/OlcbToolsTests-Info.plist";
				OTHER_LDFLAGS = (
					"-framework",
					SenTestingKit,
				);
				PRODUCT_NAME = "$(TARGET_NAME)";
				TEST_HOST = "$(BUNDLE_LOADER)";
				WRAPPER_EXTENSION = octest;
			};
			name = Release;
		};
/* End XCBuildConfiguration section */

/* Begin XCConfigurationList section */
		238CE313137753F0005F220A /* Build configuration list for PBXProject "OlcbTools" */ = {
			isa = XCConfigurationList;
			buildConfigurations = (
				238CE354137753F1005F220A /* Debug */,
				238CE355137753F1005F220A /* Release */,
			);
			defaultConfigurationIsVisible = 0;
			defaultConfigurationName = Release;
		};
		238CE356137753F1005F220A /* Build configuration list for PBXNativeTarget "OlcbTools" */ = {
			isa = XCConfigurationList;
			buildConfigurations = (
				238CE357137753F1005F220A /* Debug */,
				238CE358137753F1005F220A /* Release */,
			);
			defaultConfigurationIsVisible = 0;
			defaultConfigurationName = Release;
		};
		238CE359137753F1005F220A /* Build configuration list for PBXNativeTarget "OlcbToolsTests" */ = {
			isa = XCConfigurationList;
			buildConfigurations = (
				238CE35A137753F1005F220A /* Debug */,
				238CE35B137753F1005F220A /* Release */,
			);
			defaultConfigurationIsVisible = 0;
			defaultConfigurationName = Release;
		};
/* End XCConfigurationList section */
	};
	rootObject = 238CE310137753F0005F220A /* Project object */;
}
