<?xml version="1.0" encoding="UTF-8"?>
<CONFIG>
  <ProjectOptions>
    <Version Value="9"/>
    <PathDelim Value="\"/>
    <General>
      <SessionStorage Value="InProjectDir"/>
      <MainUnit Value="0"/>
      <Title Value="OPStackTest"/>
      <ResourceType Value="res"/>
      <UseXPManifest Value="True"/>
      <Icon Value="0"/>
    </General>
    <i18n>
      <EnableI18N LFM="False"/>
    </i18n>
    <VersionInfo>
      <StringTable ProductVersion=""/>
    </VersionInfo>
    <BuildModes Count="1">
      <Item1 Name="Default" Default="True"/>
    </BuildModes>
    <PublishOptions>
      <Version Value="2"/>
      <IncludeFileFilter Value="*.(pas|pp|inc|lfm|lpr|lrs|lpi|lpk|sh|xml)"/>
      <ExcludeFileFilter Value="*.(bak|ppu|o|so);*~;backup"/>
    </PublishOptions>
    <RunParams>
      <local>
        <FormatVersion Value="1"/>
      </local>
    </RunParams>
    <RequiredPackages Count="2">
      <Item1>
        <PackageName Value="SynEdit"/>
      </Item1>
      <Item2>
        <PackageName Value="LCL"/>
      </Item2>
    </RequiredPackages>
    <Units Count="34">
      <Unit0>
        <Filename Value="OPStackTest.lpr"/>
        <IsPartOfProject Value="True"/>
        <UnitName Value="OPStackTest"/>
      </Unit0>
      <Unit1>
        <Filename Value="unitmain.pas"/>
        <IsPartOfProject Value="True"/>
        <ComponentName Value="Form1"/>
        <HasResources Value="True"/>
        <ResourceBaseClass Value="Form"/>
        <UnitName Value="unitMain"/>
      </Unit1>
      <Unit2>
        <Filename Value="..\NMRAnet\opstackcore.pas"/>
        <IsPartOfProject Value="True"/>
        <UnitName Value="opstackcore"/>
      </Unit2>
      <Unit3>
        <Filename Value="..\NMRAnet\nmranetdefines.pas"/>
        <IsPartOfProject Value="True"/>
        <UnitName Value="nmranetdefines"/>
      </Unit3>
      <Unit4>
        <Filename Value="..\NMRAnet\opstackdefines.pas"/>
        <IsPartOfProject Value="True"/>
        <UnitName Value="opstackdefines"/>
      </Unit4>
      <Unit5>
        <Filename Value="..\NMRAnet\opstacknode.pas"/>
        <IsPartOfProject Value="True"/>
        <UnitName Value="opstacknode"/>
      </Unit5>
      <Unit6>
        <Filename Value="..\AppLayerTemplates\template_node.pas"/>
        <IsPartOfProject Value="True"/>
        <UnitName Value="template_node"/>
      </Unit6>
      <Unit7>
        <Filename Value="..\AppLayerTemplates\template_vnode.pas"/>
        <IsPartOfProject Value="True"/>
        <UnitName Value="template_vnode"/>
      </Unit7>
      <Unit8>
        <Filename Value="..\NMRAnet\nmranetutilities.pas"/>
        <IsPartOfProject Value="True"/>
        <UnitName Value="nmranetutilities"/>
      </Unit8>
      <Unit9>
        <Filename Value="..\NMRAnet\opstackbuffers.pas"/>
        <IsPartOfProject Value="True"/>
        <UnitName Value="opstackbuffers"/>
      </Unit9>
      <Unit10>
        <Filename Value="..\AppLayerTemplates\template_buffers.pas"/>
        <IsPartOfProject Value="True"/>
        <UnitName Value="template_buffers"/>
      </Unit10>
      <Unit11>
        <Filename Value="..\NMRAnet\opstacktypes.pas"/>
        <IsPartOfProject Value="True"/>
        <UnitName Value="opstacktypes"/>
      </Unit11>
      <Unit12>
        <Filename Value="..\NMRAnet\gridconnect.pas"/>
        <IsPartOfProject Value="True"/>
        <UnitName Value="gridconnect"/>
      </Unit12>
      <Unit13>
        <Filename Value="..\AppLayerTemplates\template_callbacks.pas"/>
        <IsPartOfProject Value="True"/>
        <UnitName Value="template_callbacks"/>
      </Unit13>
      <Unit14>
        <Filename Value="..\AppLayerTemplates\template_configmem.pas"/>
        <IsPartOfProject Value="True"/>
        <UnitName Value="template_configmem"/>
      </Unit14>
      <Unit15>
        <Filename Value="unitbuffertrace.pas"/>
        <IsPartOfProject Value="True"/>
        <ComponentName Value="Form2"/>
        <ResourceBaseClass Value="Form"/>
        <UnitName Value="unitbuffertrace"/>
      </Unit15>
      <Unit16>
        <Filename Value="..\AppLayerTemplates\template_configuration.pas"/>
        <IsPartOfProject Value="True"/>
        <UnitName Value="template_configuration"/>
      </Unit16>
      <Unit17>
        <Filename Value="..\NMRAnet\opstackcore_can.pas"/>
        <IsPartOfProject Value="True"/>
        <UnitName Value="opstackcore_can"/>
      </Unit17>
      <Unit18>
        <Filename Value="..\NMRAnet\opstackcore_events.pas"/>
        <IsPartOfProject Value="True"/>
        <UnitName Value="opstackcore_events"/>
      </Unit18>
      <Unit19>
        <Filename Value="..\NMRAnet\opstackcore_pip.pas"/>
        <IsPartOfProject Value="True"/>
        <UnitName Value="opstackcore_pip"/>
      </Unit19>
      <Unit20>
        <Filename Value="..\NMRAnet\opstackcore_basic.pas"/>
        <IsPartOfProject Value="True"/>
        <UnitName Value="opstackcore_basic"/>
      </Unit20>
      <Unit21>
        <Filename Value="..\NMRAnet\opstackcore_stream.pas"/>
        <IsPartOfProject Value="True"/>
        <UnitName Value="opstackcore_stream"/>
      </Unit21>
      <Unit22>
        <Filename Value="..\NMRAnet\opstackcore_snip.pas"/>
        <IsPartOfProject Value="True"/>
        <UnitName Value="opstackcore_snip"/>
      </Unit22>
      <Unit23>
        <Filename Value="..\NMRAnet\opstackcore_learn.pas"/>
        <IsPartOfProject Value="True"/>
        <UnitName Value="opstackcore_learn"/>
      </Unit23>
      <Unit24>
        <Filename Value="..\NMRAnet\opstackcore_datagram.pas"/>
        <IsPartOfProject Value="True"/>
        <UnitName Value="opstackcore_datagram"/>
      </Unit24>
      <Unit25>
        <Filename Value="..\NMRAnet\opstackcore_configmem.pas"/>
        <IsPartOfProject Value="True"/>
        <UnitName Value="opstackcore_configmem"/>
      </Unit25>
      <Unit26>
        <Filename Value="..\NMRAnet\CAN_Statemachines\opstackcanstatemachines.pas"/>
        <IsPartOfProject Value="True"/>
        <UnitName Value="opstackcanstatemachines"/>
      </Unit26>
      <Unit27>
        <Filename Value="..\NMRAnet\CAN_Statemachines\opstackcanstatemachinesbuffers.pas"/>
        <IsPartOfProject Value="True"/>
        <UnitName Value="opstackcanstatemachinesbuffers"/>
      </Unit27>
      <Unit28>
        <Filename Value="..\NMRAnet\CAN_Statemachines\opstackcanstatemachinesdatagram.pas"/>
        <IsPartOfProject Value="True"/>
        <UnitName Value="opstackcanstatemachinesdatagram"/>
      </Unit28>
      <Unit29>
        <Filename Value="..\NMRAnet\CAN_Statemachines\opstackcanstatemachinesmultiframe.pas"/>
        <IsPartOfProject Value="True"/>
        <UnitName Value="opstackcanstatemachinesmultiframe"/>
      </Unit29>
      <Unit30>
        <Filename Value="..\NMRAnet\CAN_Statemachines\opstackcanstatemachinesstream.pas"/>
        <IsPartOfProject Value="True"/>
        <UnitName Value="opstackcanstatemachinesstream"/>
      </Unit30>
      <Unit31>
        <Filename Value="..\HardwareLayerImplementations\Lazarus\hardware_template.pas"/>
        <IsPartOfProject Value="True"/>
        <UnitName Value="hardware_template"/>
      </Unit31>
      <Unit32>
        <Filename Value="..\NMRAnet\opstackcore_traction.pas"/>
        <IsPartOfProject Value="True"/>
        <UnitName Value="opstackcore_traction"/>
      </Unit32>
      <Unit33>
        <Filename Value="..\NMRAnet\CAN_Statemachines\opstackcanstatemachinessnip.pas"/>
        <IsPartOfProject Value="True"/>
        <UnitName Value="opstackcanstatemachinessnip"/>
      </Unit33>
    </Units>
  </ProjectOptions>
  <CompilerOptions>
    <Version Value="11"/>
    <PathDelim Value="\"/>
    <Target>
      <Filename Value="CompiledBinaries\$(TargetOS)\$(TargetCPU)\OPStackTest.app\Contents\MacOS\OpStackTest"/>
    </Target>
    <SearchPaths>
      <IncludeFiles Value="$(ProjOutDir);..\AppLayerTemplates"/>
      <OtherUnitFiles Value="..\NMRAnet;..\AppLayerTemplates;..\..\Components\synapse40\source\lib;..\Common;..\..\Library;..\NMRAnet\CAN_Statemachines;..\HardwareLayerImplementations\Lazarus"/>
      <UnitOutputDirectory Value="lib\$(TargetCPU)-$(TargetOS)"/>
    </SearchPaths>
    <Conditionals Value="if TargetOS = 'darwin' then
begin
  CustomOptions += '-k-macosx_version_min -k10.4';
  CustomOptions += '-XR/Developer/SDKs/MacOSX10.4u.sdk/';
  CustomOptions += ' -dUseCThreads';
end;
if TargetOS = 'linux' then
  CustomOptions += ' -dUseCThreads';"/>
    <CodeGeneration>
      <Optimizations>
        <OptimizationLevel Value="0"/>
      </Optimizations>
    </CodeGeneration>
    <Linking>
      <Debugging>
        <DebugInfoType Value="dsDwarf2"/>
        <UseValgrind Value="True"/>
      </Debugging>
      <Options>
        <Win32>
          <GraphicApplication Value="True"/>
        </Win32>
      </Options>
    </Linking>
    <Other>
      <CompilerMessages>
        <UseMsgFile Value="True"/>
      </CompilerMessages>
      <CustomOptions Value="if TargetOS = 'darwin' then begin
  UsageCustomOptions += ' -k-macosx_version_min -k10.5';
 // UsageCustomOptions += ' -XR/Developer/SDKs/MacOSX10.5.sdk/';
end;"/>
      <CompilerPath Value="$(CompPath)"/>
    </Other>
  </CompilerOptions>
  <Debugging>
    <Exceptions Count="3">
      <Item1>
        <Name Value="EAbort"/>
      </Item1>
      <Item2>
        <Name Value="ECodetoolError"/>
      </Item2>
      <Item3>
        <Name Value="EFOpenError"/>
      </Item3>
    </Exceptions>
  </Debugging>
</CONFIG>
