// !$*UTF8*$!
{
	archiveVersion = 1;
	classes = {
	};
	objectVersion = 46;
	objects = {

/* Begin PBXBuildFile section */
		2304E82E13950BC400B6867C /* Cocoa.framework in Frameworks */ = {isa = PBXBuildFile; fileRef = 23A409551394E07C00993644 /* Cocoa.framework */; };
		2304E83813950BC500B6867C /* Cocoa.framework in Frameworks */ = {isa = PBXBuildFile; fileRef = 23A409551394E07C00993644 /* Cocoa.framework */; };
		2304E83B13950BC500B6867C /* MacOSXBuild.dylib in Frameworks */ = {isa = PBXBuildFile; fileRef = 2304E82D13950BC400B6867C /* MacOSXBuild.dylib */; };
		2304E84113950BC500B6867C /* InfoPlist.strings in Resources */ = {isa = PBXBuildFile; fileRef = 2304E83F13950BC500B6867C /* InfoPlist.strings */; };
		2304E84413950BC500B6867C /* MacOSXBuildTests.h in Resources */ = {isa = PBXBuildFile; fileRef = 2304E84313950BC500B6867C /* MacOSXBuildTests.h */; };
		2304E84613950BC500B6867C /* MacOSXBuildTests.m in Sources */ = {isa = PBXBuildFile; fileRef = 2304E84513950BC500B6867C /* MacOSXBuildTests.m */; };
		2304E85113950EEC00B6867C /* OlcbCanFrameTests.m in Sources */ = {isa = PBXBuildFile; fileRef = 23A4094D1394DF8700993644 /* OlcbCanFrameTests.m */; };
		2304E860139512BB00B6867C /* IOSBuildTests.m in Sources */ = {isa = PBXBuildFile; fileRef = 2304E85F139512BB00B6867C /* IOSBuildTests.m */; };
		230F761613A5CE5C0068BF67 /* OlcbMessageProcessor.h in Headers */ = {isa = PBXBuildFile; fileRef = 230F761413A5CE5C0068BF67 /* OlcbMessageProcessor.h */; };
		230F761713A5CE5C0068BF67 /* OlcbMessageProcessor.h in Headers */ = {isa = PBXBuildFile; fileRef = 230F761413A5CE5C0068BF67 /* OlcbMessageProcessor.h */; };
		230F761F13A5CFF20068BF67 /* OlcbMessageProcessorTest.m in Sources */ = {isa = PBXBuildFile; fileRef = 230F761E13A5CFF20068BF67 /* OlcbMessageProcessorTest.m */; };
		230F762013A5CFF20068BF67 /* OlcbMessageProcessorTest.m in Sources */ = {isa = PBXBuildFile; fileRef = 230F761E13A5CFF20068BF67 /* OlcbMessageProcessorTest.m */; };
		2316DFE713AC8542006704FE /* FlipsideViewController.h in Headers */ = {isa = PBXBuildFile; fileRef = 2316DFE513AC8542006704FE /* FlipsideViewController.h */; };
		2316DFE813AC8542006704FE /* FlipsideViewController.m in Sources */ = {isa = PBXBuildFile; fileRef = 2316DFE613AC8542006704FE /* FlipsideViewController.m */; };
		23250505138A3B49003D8EE4 /* Foundation.framework in Frameworks */ = {isa = PBXBuildFile; fileRef = 23250504138A3B49003D8EE4 /* Foundation.framework */; };
		23250510138A3B49003D8EE4 /* UIKit.framework in Frameworks */ = {isa = PBXBuildFile; fileRef = 2325050F138A3B49003D8EE4 /* UIKit.framework */; };
		23250511138A3B49003D8EE4 /* Foundation.framework in Frameworks */ = {isa = PBXBuildFile; fileRef = 23250504138A3B49003D8EE4 /* Foundation.framework */; };
		23250513138A3B49003D8EE4 /* CoreGraphics.framework in Frameworks */ = {isa = PBXBuildFile; fileRef = 23250512138A3B49003D8EE4 /* CoreGraphics.framework */; };
		2336681D1395F937007A0410 /* MtiReformat.c in Sources */ = {isa = PBXBuildFile; fileRef = 2336681B1395F937007A0410 /* MtiReformat.c */; };
		2336681E1395F937007A0410 /* MtiReformat.c in Sources */ = {isa = PBXBuildFile; fileRef = 2336681B1395F937007A0410 /* MtiReformat.c */; };
		2336681F1395F937007A0410 /* MtiReformat.h in Headers */ = {isa = PBXBuildFile; fileRef = 2336681C1395F937007A0410 /* MtiReformat.h */; };
		233668201395F937007A0410 /* MtiReformat.h in Headers */ = {isa = PBXBuildFile; fileRef = 2336681C1395F937007A0410 /* MtiReformat.h */; };
		233668231395FB74007A0410 /* MtiReformatTest.m in Sources */ = {isa = PBXBuildFile; fileRef = 233668221395FB74007A0410 /* MtiReformatTest.m */; };
		233668241395FB74007A0410 /* MtiReformatTest.m in Sources */ = {isa = PBXBuildFile; fileRef = 233668221395FB74007A0410 /* MtiReformatTest.m */; };
		2382DBF413A90BEA003DE18B /* OlcbInitializationCompleteMessage.h in Headers */ = {isa = PBXBuildFile; fileRef = 2382DBF213A90BEA003DE18B /* OlcbInitializationCompleteMessage.h */; };
		2382DBF513A90BEA003DE18B /* OlcbInitializationCompleteMessage.m in Sources */ = {isa = PBXBuildFile; fileRef = 2382DBF313A90BEA003DE18B /* OlcbInitializationCompleteMessage.m */; };
		23A4094E1394DF8700993644 /* OlcbCanFrameTests.m in Sources */ = {isa = PBXBuildFile; fileRef = 23A4094D1394DF8700993644 /* OlcbCanFrameTests.m */; };
		23B3122913A91EC10063375B /* OlcbInitializationCompleteMessage.m in Sources */ = {isa = PBXBuildFile; fileRef = 2382DBF313A90BEA003DE18B /* OlcbInitializationCompleteMessage.m */; };
		23B3122D13A91F1A0063375B /* OlcbPrettyPrint.h in Headers */ = {isa = PBXBuildFile; fileRef = 23B3122B13A91F1A0063375B /* OlcbPrettyPrint.h */; };
		23B3122E13A91F1A0063375B /* OlcbPrettyPrint.m in Sources */ = {isa = PBXBuildFile; fileRef = 23B3122C13A91F1A0063375B /* OlcbPrettyPrint.m */; };
		23B3123113A9275E0063375B /* OlcbPCEventReportMessage.h in Headers */ = {isa = PBXBuildFile; fileRef = 23B3122F13A9275E0063375B /* OlcbPCEventReportMessage.h */; };
		23B3123213A9275E0063375B /* OlcbPCEventReportMessage.h in Headers */ = {isa = PBXBuildFile; fileRef = 23B3122F13A9275E0063375B /* OlcbPCEventReportMessage.h */; };
		23B3123313A9275E0063375B /* OlcbPCEventReportMessage.m in Sources */ = {isa = PBXBuildFile; fileRef = 23B3123013A9275E0063375B /* OlcbPCEventReportMessage.m */; };
		23B3123413A9275E0063375B /* OlcbPCEventReportMessage.m in Sources */ = {isa = PBXBuildFile; fileRef = 23B3123013A9275E0063375B /* OlcbPCEventReportMessage.m */; };
		23B3123713A929900063375B /* OlcbPrettyPrintTest.m in Sources */ = {isa = PBXBuildFile; fileRef = 23B3123613A929900063375B /* OlcbPrettyPrintTest.m */; };
		23B3123813A929900063375B /* OlcbPrettyPrintTest.m in Sources */ = {isa = PBXBuildFile; fileRef = 23B3123613A929900063375B /* OlcbPrettyPrintTest.m */; };
		23B3124113A967380063375B /* OlcbPrettyPrint.m in Sources */ = {isa = PBXBuildFile; fileRef = 23B3122C13A91F1A0063375B /* OlcbPrettyPrint.m */; };
		23D7F98713AC0398009F773D /* OlcbCanFrame.m in Sources */ = {isa = PBXBuildFile; fileRef = 23D7F98613AC0398009F773D /* OlcbCanFrame.m */; };
		23D7F98813AC0398009F773D /* OlcbCanFrame.m in Sources */ = {isa = PBXBuildFile; fileRef = 23D7F98613AC0398009F773D /* OlcbCanFrame.m */; };
		23D7F98C13AC03B7009F773D /* OlcbCanFrame.h in Headers */ = {isa = PBXBuildFile; fileRef = 23D7F98A13AC03AD009F773D /* OlcbCanFrame.h */; };
		23D7F98D13AC03B8009F773D /* OlcbCanFrame.h in Headers */ = {isa = PBXBuildFile; fileRef = 23D7F98A13AC03AD009F773D /* OlcbCanFrame.h */; };
		23D7F9E213AC4895009F773D /* libOpenLcb.a in Frameworks */ = {isa = PBXBuildFile; fileRef = 23250501138A3B49003D8EE4 /* libOpenLcb.a */; };
		23D8777F1396725400B9E610 /* OlcbMessage.h in Headers */ = {isa = PBXBuildFile; fileRef = 23D8777D1396725400B9E610 /* OlcbMessage.h */; };
		23D877801396725400B9E610 /* OlcbMessage.h in Headers */ = {isa = PBXBuildFile; fileRef = 23D8777D1396725400B9E610 /* OlcbMessage.h */; };
		23D877811396725400B9E610 /* OlcbMessage.m in Sources */ = {isa = PBXBuildFile; fileRef = 23D8777E1396725400B9E610 /* OlcbMessage.m */; };
		23D877821396725400B9E610 /* OlcbMessage.m in Sources */ = {isa = PBXBuildFile; fileRef = 23D8777E1396725400B9E610 /* OlcbMessage.m */; };
		23D877861396740200B9E610 /* OlcbMessageTest.m in Sources */ = {isa = PBXBuildFile; fileRef = 23D877851396740200B9E610 /* OlcbMessageTest.m */; };
		23D877871396740200B9E610 /* OlcbMessageTest.m in Sources */ = {isa = PBXBuildFile; fileRef = 23D877851396740200B9E610 /* OlcbMessageTest.m */; };
		23D877921396773800B9E610 /* OlcbNodeID.h in Headers */ = {isa = PBXBuildFile; fileRef = 23D877901396773800B9E610 /* OlcbNodeID.h */; };
		23D877931396773800B9E610 /* OlcbNodeID.h in Headers */ = {isa = PBXBuildFile; fileRef = 23D877901396773800B9E610 /* OlcbNodeID.h */; };
		23D877941396773800B9E610 /* OlcbNodeID.m in Sources */ = {isa = PBXBuildFile; fileRef = 23D877911396773800B9E610 /* OlcbNodeID.m */; };
		23D877951396773800B9E610 /* OlcbNodeID.m in Sources */ = {isa = PBXBuildFile; fileRef = 23D877911396773800B9E610 /* OlcbNodeID.m */; };
		23D8779A1396777200B9E610 /* OlcbNodeIDTest.m in Sources */ = {isa = PBXBuildFile; fileRef = 23D877971396777100B9E610 /* OlcbNodeIDTest.m */; };
		23D8779B1396777200B9E610 /* OlcbNodeIDTest.m in Sources */ = {isa = PBXBuildFile; fileRef = 23D877971396777100B9E610 /* OlcbNodeIDTest.m */; };
/* End PBXBuildFile section */

/* Begin PBXContainerItemProxy section */
		2304E83913950BC500B6867C /* PBXContainerItemProxy */ = {
			isa = PBXContainerItemProxy;
			containerPortal = 232504F8138A3B48003D8EE4 /* Project object */;
			proxyType = 1;
			remoteGlobalIDString = 2304E82C13950BC400B6867C;
			remoteInfo = MacOSXBuild;
		};
		23250514138A3B49003D8EE4 /* PBXContainerItemProxy */ = {
			isa = PBXContainerItemProxy;
			containerPortal = 232504F8138A3B48003D8EE4 /* Project object */;
			proxyType = 1;
			remoteGlobalIDString = 23250500138A3B49003D8EE4;
			remoteInfo = OpenLcbLib;
		};
/* End PBXContainerItemProxy section */

/* Begin PBXFileReference section */
		2304E82D13950BC400B6867C /* MacOSXBuild.dylib */ = {isa = PBXFileReference; explicitFileType = "compiled.mach-o.dylib"; includeInIndex = 0; path = MacOSXBuild.dylib; sourceTree = BUILT_PRODUCTS_DIR; };
		2304E83113950BC500B6867C /* MacOSXBuild-Prefix.pch */ = {isa = PBXFileReference; lastKnownFileType = sourcecode.c.h; path = "MacOSXBuild-Prefix.pch"; sourceTree = "<group>"; };
		2304E83713950BC500B6867C /* MacOSXBuildTests.octest */ = {isa = PBXFileReference; explicitFileType = wrapper.cfbundle; includeInIndex = 0; path = MacOSXBuildTests.octest; sourceTree = BUILT_PRODUCTS_DIR; };
		2304E83E13950BC500B6867C /* MacOSXBuildTests-Info.plist */ = {isa = PBXFileReference; lastKnownFileType = text.plist.xml; path = "MacOSXBuildTests-Info.plist"; sourceTree = "<group>"; };
		2304E84013950BC500B6867C /* en */ = {isa = PBXFileReference; lastKnownFileType = text.plist.strings; name = en; path = en.lproj/InfoPlist.strings; sourceTree = "<group>"; };
		2304E84213950BC500B6867C /* MacOSXBuildTests-Prefix.pch */ = {isa = PBXFileReference; lastKnownFileType = sourcecode.c.h; path = "MacOSXBuildTests-Prefix.pch"; sourceTree = "<group>"; };
		2304E84313950BC500B6867C /* MacOSXBuildTests.h */ = {isa = PBXFileReference; lastKnownFileType = sourcecode.c.h; path = MacOSXBuildTests.h; sourceTree = "<group>"; };
		2304E84513950BC500B6867C /* MacOSXBuildTests.m */ = {isa = PBXFileReference; lastKnownFileType = sourcecode.c.objc; path = MacOSXBuildTests.m; sourceTree = "<group>"; };
		2304E85013950D4B00B6867C /* README */ = {isa = PBXFileReference; lastKnownFileType = text; path = README; sourceTree = "<group>"; };
		2304E85E139512BB00B6867C /* IOSBuildTests.h */ = {isa = PBXFileReference; fileEncoding = 4; lastKnownFileType = sourcecode.c.h; name = IOSBuildTests.h; path = iOSBuildTests/IOSBuildTests.h; sourceTree = "<group>"; };
		2304E85F139512BB00B6867C /* IOSBuildTests.m */ = {isa = PBXFileReference; fileEncoding = 4; lastKnownFileType = sourcecode.c.objc; name = IOSBuildTests.m; path = iOSBuildTests/IOSBuildTests.m; sourceTree = "<group>"; };
		230F761413A5CE5C0068BF67 /* OlcbMessageProcessor.h */ = {isa = PBXFileReference; fileEncoding = 4; lastKnownFileType = sourcecode.c.h; path = OlcbMessageProcessor.h; sourceTree = "<group>"; };
		230F761D13A5CFF20068BF67 /* OlcbMessageProcessorTest.h */ = {isa = PBXFileReference; fileEncoding = 4; lastKnownFileType = sourcecode.c.h; path = OlcbMessageProcessorTest.h; sourceTree = "<group>"; };
		230F761E13A5CFF20068BF67 /* OlcbMessageProcessorTest.m */ = {isa = PBXFileReference; fileEncoding = 4; lastKnownFileType = sourcecode.c.objc; path = OlcbMessageProcessorTest.m; sourceTree = "<group>"; };
		2316DFE513AC8542006704FE /* FlipsideViewController.h */ = {isa = PBXFileReference; fileEncoding = 4; lastKnownFileType = sourcecode.c.h; path = FlipsideViewController.h; sourceTree = SOURCE_ROOT; };
		2316DFE613AC8542006704FE /* FlipsideViewController.m */ = {isa = PBXFileReference; fileEncoding = 4; lastKnownFileType = sourcecode.c.objc; path = FlipsideViewController.m; sourceTree = SOURCE_ROOT; };
		231F9BA413AC81CA00FA3EDE /* iOSLibrary-Prefix.pch */ = {isa = PBXFileReference; lastKnownFileType = sourcecode.c.h; path = "iOSLibrary-Prefix.pch"; sourceTree = "<group>"; };
		2324692213952FF000A86B68 /* OpenLcbLibTests-Prefix.pch */ = {isa = PBXFileReference; lastKnownFileType = sourcecode.c.h; name = "OpenLcbLibTests-Prefix.pch"; path = "OpenLcbLibTests/OpenLcbLibTests-Prefix.pch"; sourceTree = "<group>"; };
		23250501138A3B49003D8EE4 /* libOpenLcb.a */ = {isa = PBXFileReference; explicitFileType = archive.ar; includeInIndex = 0; path = libOpenLcb.a; sourceTree = BUILT_PRODUCTS_DIR; };
		23250504138A3B49003D8EE4 /* Foundation.framework */ = {isa = PBXFileReference; lastKnownFileType = wrapper.framework; name = Foundation.framework; path = System/Library/Frameworks/Foundation.framework; sourceTree = SDKROOT; };
		23250508138A3B49003D8EE4 /* OpenLcbLib-Prefix.pch */ = {isa = PBXFileReference; lastKnownFileType = sourcecode.c.h; name = "OpenLcbLib-Prefix.pch"; path = "OpenLcbLib/OpenLcbLib-Prefix.pch"; sourceTree = "<group>"; };
		2325050E138A3B49003D8EE4 /* iOSBuildTests.octest */ = {isa = PBXFileReference; explicitFileType = wrapper.cfbundle; includeInIndex = 0; path = iOSBuildTests.octest; sourceTree = BUILT_PRODUCTS_DIR; };
		2325050F138A3B49003D8EE4 /* UIKit.framework */ = {isa = PBXFileReference; lastKnownFileType = wrapper.framework; name = UIKit.framework; path = System/Library/Frameworks/UIKit.framework; sourceTree = SDKROOT; };
		23250512138A3B49003D8EE4 /* CoreGraphics.framework */ = {isa = PBXFileReference; lastKnownFileType = wrapper.framework; name = CoreGraphics.framework; path = System/Library/Frameworks/CoreGraphics.framework; sourceTree = SDKROOT; };
		2336681B1395F937007A0410 /* MtiReformat.c */ = {isa = PBXFileReference; fileEncoding = 4; lastKnownFileType = sourcecode.c.c; path = MtiReformat.c; sourceTree = "<group>"; };
		2336681C1395F937007A0410 /* MtiReformat.h */ = {isa = PBXFileReference; fileEncoding = 4; lastKnownFileType = sourcecode.c.h; path = MtiReformat.h; sourceTree = "<group>"; };
		233668211395FB74007A0410 /* MtiReformatTest.h */ = {isa = PBXFileReference; fileEncoding = 4; lastKnownFileType = sourcecode.c.h; path = MtiReformatTest.h; sourceTree = "<group>"; };
		233668221395FB74007A0410 /* MtiReformatTest.m */ = {isa = PBXFileReference; fileEncoding = 4; lastKnownFileType = sourcecode.c.objc; path = MtiReformatTest.m; sourceTree = "<group>"; };
		2382DBEA13A905EB003DE18B /* OlcbTestDefinitions.h */ = {isa = PBXFileReference; lastKnownFileType = sourcecode.c.h; path = OlcbTestDefinitions.h; sourceTree = "<group>"; };
		2382DBF213A90BEA003DE18B /* OlcbInitializationCompleteMessage.h */ = {isa = PBXFileReference; fileEncoding = 4; lastKnownFileType = sourcecode.c.h; path = OlcbInitializationCompleteMessage.h; sourceTree = "<group>"; };
		2382DBF313A90BEA003DE18B /* OlcbInitializationCompleteMessage.m */ = {isa = PBXFileReference; fileEncoding = 4; lastKnownFileType = sourcecode.c.objc; path = OlcbInitializationCompleteMessage.m; sourceTree = "<group>"; };
		23A4094C1394DF8700993644 /* OlcbCanFrameTests.h */ = {isa = PBXFileReference; fileEncoding = 4; lastKnownFileType = sourcecode.c.h; name = OlcbCanFrameTests.h; path = OpenLcbLibTests/OlcbCanFrameTests.h; sourceTree = "<group>"; };
		23A4094D1394DF8700993644 /* OlcbCanFrameTests.m */ = {isa = PBXFileReference; fileEncoding = 4; lastKnownFileType = sourcecode.c.objc; name = OlcbCanFrameTests.m; path = OpenLcbLibTests/OlcbCanFrameTests.m; sourceTree = "<group>"; };
		23A409551394E07C00993644 /* Cocoa.framework */ = {isa = PBXFileReference; lastKnownFileType = wrapper.framework; name = Cocoa.framework; path = System/Library/Frameworks/Cocoa.framework; sourceTree = SDKROOT; };
		23A409581394E07C00993644 /* AppKit.framework */ = {isa = PBXFileReference; lastKnownFileType = wrapper.framework; name = AppKit.framework; path = System/Library/Frameworks/AppKit.framework; sourceTree = SDKROOT; };
		23A409591394E07C00993644 /* CoreData.framework */ = {isa = PBXFileReference; lastKnownFileType = wrapper.framework; name = CoreData.framework; path = System/Library/Frameworks/CoreData.framework; sourceTree = SDKROOT; };
		23A4095A1394E07C00993644 /* Foundation.framework */ = {isa = PBXFileReference; lastKnownFileType = wrapper.framework; name = Foundation.framework; path = System/Library/Frameworks/Foundation.framework; sourceTree = SDKROOT; };
		23B09CD513952DB600A7A328 /* IOSBuildTests-Prefix.pch */ = {isa = PBXFileReference; lastKnownFileType = sourcecode.c.h; name = "IOSBuildTests-Prefix.pch"; path = "iOSBuildTests/IOSBuildTests-Prefix.pch"; sourceTree = "<group>"; };
		23B09CD613952DC800A7A328 /* IOSBuild-Prefix.pch */ = {isa = PBXFileReference; lastKnownFileType = sourcecode.c.h; path = "IOSBuild-Prefix.pch"; sourceTree = "<group>"; };
		23B3122B13A91F1A0063375B /* OlcbPrettyPrint.h */ = {isa = PBXFileReference; fileEncoding = 4; lastKnownFileType = sourcecode.c.h; path = OlcbPrettyPrint.h; sourceTree = "<group>"; };
		23B3122C13A91F1A0063375B /* OlcbPrettyPrint.m */ = {isa = PBXFileReference; fileEncoding = 4; lastKnownFileType = sourcecode.c.objc; path = OlcbPrettyPrint.m; sourceTree = "<group>"; };
		23B3122F13A9275E0063375B /* OlcbPCEventReportMessage.h */ = {isa = PBXFileReference; fileEncoding = 4; lastKnownFileType = sourcecode.c.h; path = OlcbPCEventReportMessage.h; sourceTree = "<group>"; };
		23B3123013A9275E0063375B /* OlcbPCEventReportMessage.m */ = {isa = PBXFileReference; fileEncoding = 4; lastKnownFileType = sourcecode.c.objc; path = OlcbPCEventReportMessage.m; sourceTree = "<group>"; };
		23B3123513A929900063375B /* OlcbPrettyPrintTest.h */ = {isa = PBXFileReference; fileEncoding = 4; lastKnownFileType = sourcecode.c.h; path = OlcbPrettyPrintTest.h; sourceTree = "<group>"; };
		23B3123613A929900063375B /* OlcbPrettyPrintTest.m */ = {isa = PBXFileReference; fileEncoding = 4; lastKnownFileType = sourcecode.c.objc; path = OlcbPrettyPrintTest.m; sourceTree = "<group>"; };
		23D7F98613AC0398009F773D /* OlcbCanFrame.m */ = {isa = PBXFileReference; fileEncoding = 4; lastKnownFileType = sourcecode.c.objc; path = OlcbCanFrame.m; sourceTree = "<group>"; };
		23D7F98A13AC03AD009F773D /* OlcbCanFrame.h */ = {isa = PBXFileReference; lastKnownFileType = sourcecode.c.h; path = OlcbCanFrame.h; sourceTree = "<group>"; };
		23D8777D1396725400B9E610 /* OlcbMessage.h */ = {isa = PBXFileReference; fileEncoding = 4; lastKnownFileType = sourcecode.c.h; path = OlcbMessage.h; sourceTree = "<group>"; };
		23D8777E1396725400B9E610 /* OlcbMessage.m */ = {isa = PBXFileReference; fileEncoding = 4; lastKnownFileType = sourcecode.c.objc; path = OlcbMessage.m; sourceTree = "<group>"; };
		23D877841396740200B9E610 /* OlcbMessageTest.h */ = {isa = PBXFileReference; fileEncoding = 4; lastKnownFileType = sourcecode.c.h; path = OlcbMessageTest.h; sourceTree = "<group>"; };
		23D877851396740200B9E610 /* OlcbMessageTest.m */ = {isa = PBXFileReference; fileEncoding = 4; lastKnownFileType = sourcecode.c.objc; path = OlcbMessageTest.m; sourceTree = "<group>"; };
		23D877901396773800B9E610 /* OlcbNodeID.h */ = {isa = PBXFileReference; fileEncoding = 4; lastKnownFileType = sourcecode.c.h; path = OlcbNodeID.h; sourceTree = "<group>"; };
		23D877911396773800B9E610 /* OlcbNodeID.m */ = {isa = PBXFileReference; fileEncoding = 4; lastKnownFileType = sourcecode.c.objc; path = OlcbNodeID.m; sourceTree = "<group>"; };
		23D877961396777100B9E610 /* OlcbNodeIDTest.h */ = {isa = PBXFileReference; fileEncoding = 4; lastKnownFileType = sourcecode.c.h; path = OlcbNodeIDTest.h; sourceTree = "<group>"; };
		23D877971396777100B9E610 /* OlcbNodeIDTest.m */ = {isa = PBXFileReference; fileEncoding = 4; lastKnownFileType = sourcecode.c.objc; path = OlcbNodeIDTest.m; sourceTree = "<group>"; };
/* End PBXFileReference section */

/* Begin PBXFrameworksBuildPhase section */
		2304E82A13950BC400B6867C /* Frameworks */ = {
			isa = PBXFrameworksBuildPhase;
			buildActionMask = 2147483647;
			files = (
				2304E82E13950BC400B6867C /* Cocoa.framework in Frameworks */,
			);
			runOnlyForDeploymentPostprocessing = 0;
		};
		2304E83313950BC500B6867C /* Frameworks */ = {
			isa = PBXFrameworksBuildPhase;
			buildActionMask = 2147483647;
			files = (
				2304E83813950BC500B6867C /* Cocoa.framework in Frameworks */,
				2304E83B13950BC500B6867C /* MacOSXBuild.dylib in Frameworks */,
			);
			runOnlyForDeploymentPostprocessing = 0;
		};
		232504FE138A3B49003D8EE4 /* Frameworks */ = {
			isa = PBXFrameworksBuildPhase;
			buildActionMask = 2147483647;
			files = (
				23250505138A3B49003D8EE4 /* Foundation.framework in Frameworks */,
			);
			runOnlyForDeploymentPostprocessing = 0;
		};
		2325050A138A3B49003D8EE4 /* Frameworks */ = {
			isa = PBXFrameworksBuildPhase;
			buildActionMask = 2147483647;
			files = (
				23250510138A3B49003D8EE4 /* UIKit.framework in Frameworks */,
				23250511138A3B49003D8EE4 /* Foundation.framework in Frameworks */,
				23250513138A3B49003D8EE4 /* CoreGraphics.framework in Frameworks */,
				23D7F9E213AC4895009F773D /* libOpenLcb.a in Frameworks */,
			);
			runOnlyForDeploymentPostprocessing = 0;
		};
/* End PBXFrameworksBuildPhase section */

/* Begin PBXGroup section */
		2304E82F13950BC500B6867C /* MacOSXBuild */ = {
			isa = PBXGroup;
			children = (
				2304E83013950BC500B6867C /* Supporting Files */,
			);
			path = MacOSXBuild;
			sourceTree = "<group>";
		};
		2304E83013950BC500B6867C /* Supporting Files */ = {
			isa = PBXGroup;
			children = (
				2304E83113950BC500B6867C /* MacOSXBuild-Prefix.pch */,
			);
			name = "Supporting Files";
			sourceTree = "<group>";
		};
		2304E83C13950BC500B6867C /* MacOSXBuildTests */ = {
			isa = PBXGroup;
			children = (
				2304E84313950BC500B6867C /* MacOSXBuildTests.h */,
				2304E84513950BC500B6867C /* MacOSXBuildTests.m */,
				2304E83D13950BC500B6867C /* Supporting Files */,
			);
			path = MacOSXBuildTests;
			sourceTree = "<group>";
		};
		2304E83D13950BC500B6867C /* Supporting Files */ = {
			isa = PBXGroup;
			children = (
				2304E83E13950BC500B6867C /* MacOSXBuildTests-Info.plist */,
				2304E83F13950BC500B6867C /* InfoPlist.strings */,
				2304E84213950BC500B6867C /* MacOSXBuildTests-Prefix.pch */,
			);
			name = "Supporting Files";
			sourceTree = "<group>";
		};
		2304E84D13950C1300B6867C /* OpenLcbLibTests */ = {
			isa = PBXGroup;
			children = (
				2382DBEA13A905EB003DE18B /* OlcbTestDefinitions.h */,
				23A4094C1394DF8700993644 /* OlcbCanFrameTests.h */,
				23A4094D1394DF8700993644 /* OlcbCanFrameTests.m */,
				23D877961396777100B9E610 /* OlcbNodeIDTest.h */,
				23D877971396777100B9E610 /* OlcbNodeIDTest.m */,
				23D877841396740200B9E610 /* OlcbMessageTest.h */,
				23D877851396740200B9E610 /* OlcbMessageTest.m */,
				230F761D13A5CFF20068BF67 /* OlcbMessageProcessorTest.h */,
				230F761E13A5CFF20068BF67 /* OlcbMessageProcessorTest.m */,
				233668211395FB74007A0410 /* MtiReformatTest.h */,
				233668221395FB74007A0410 /* MtiReformatTest.m */,
				23B3123513A929900063375B /* OlcbPrettyPrintTest.h */,
				23B3123613A929900063375B /* OlcbPrettyPrintTest.m */,
				23B09CD313952D6800A7A328 /* Supporting Files */,
			);
			name = OpenLcbLibTests;
			sourceTree = "<group>";
		};
		2304E84E13950C5700B6867C /* OpenLcbLib */ = {
			isa = PBXGroup;
			children = (
				23D877901396773800B9E610 /* OlcbNodeID.h */,
				23D877911396773800B9E610 /* OlcbNodeID.m */,
				23D8777D1396725400B9E610 /* OlcbMessage.h */,
				23D8777E1396725400B9E610 /* OlcbMessage.m */,
				23D7F98A13AC03AD009F773D /* OlcbCanFrame.h */,
				23D7F98613AC0398009F773D /* OlcbCanFrame.m */,
				2340D80113A986B400C54B74 /* MessageTypes */,
				230F761413A5CE5C0068BF67 /* OlcbMessageProcessor.h */,
				2336681C1395F937007A0410 /* MtiReformat.h */,
				2336681B1395F937007A0410 /* MtiReformat.c */,
				23B3122B13A91F1A0063375B /* OlcbPrettyPrint.h */,
				23B3122C13A91F1A0063375B /* OlcbPrettyPrint.m */,
				23B09CD113952CF600A7A328 /* Supporting Files */,
			);
			name = OpenLcbLib;
			sourceTree = "<group>";
		};
		2304E861139512D500B6867C /* IOSBuildTests */ = {
			isa = PBXGroup;
			children = (
				2304E85E139512BB00B6867C /* IOSBuildTests.h */,
				2304E85F139512BB00B6867C /* IOSBuildTests.m */,
				23B09CD413952D7F00A7A328 /* Supporting Files */,
			);
			name = IOSBuildTests;
			sourceTree = "<group>";
		};
		231F9BA213AC81CA00FA3EDE /* iOSLibrary */ = {
			isa = PBXGroup;
			children = (
				231F9BA313AC81CA00FA3EDE /* Supporting Files */,
			);
			path = iOSLibrary;
			sourceTree = "<group>";
		};
		231F9BA313AC81CA00FA3EDE /* Supporting Files */ = {
			isa = PBXGroup;
			children = (
				231F9BA413AC81CA00FA3EDE /* iOSLibrary-Prefix.pch */,
			);
			name = "Supporting Files";
			sourceTree = "<group>";
		};
		232504F6138A3B48003D8EE4 = {
			isa = PBXGroup;
			children = (
				2304E85013950D4B00B6867C /* README */,
				2304E84E13950C5700B6867C /* OpenLcbLib */,
				2304E84D13950C1300B6867C /* OpenLcbLibTests */,
				23250506138A3B49003D8EE4 /* IOSBuild */,
				2304E861139512D500B6867C /* IOSBuildTests */,
				2304E82F13950BC500B6867C /* MacOSXBuild */,
				2304E83C13950BC500B6867C /* MacOSXBuildTests */,
				231F9BA213AC81CA00FA3EDE /* iOSLibrary */,
				23250503138A3B49003D8EE4 /* Frameworks */,
				23250502138A3B49003D8EE4 /* Products */,
			);
			sourceTree = "<group>";
		};
		23250502138A3B49003D8EE4 /* Products */ = {
			isa = PBXGroup;
			children = (
				23250501138A3B49003D8EE4 /* libOpenLcb.a */,
				2325050E138A3B49003D8EE4 /* iOSBuildTests.octest */,
				2304E82D13950BC400B6867C /* MacOSXBuild.dylib */,
				2304E83713950BC500B6867C /* MacOSXBuildTests.octest */,
			);
			name = Products;
			sourceTree = "<group>";
		};
		23250503138A3B49003D8EE4 /* Frameworks */ = {
			isa = PBXGroup;
			children = (
				23250504138A3B49003D8EE4 /* Foundation.framework */,
				2325050F138A3B49003D8EE4 /* UIKit.framework */,
				23250512138A3B49003D8EE4 /* CoreGraphics.framework */,
				23A409551394E07C00993644 /* Cocoa.framework */,
				23A409571394E07C00993644 /* Other Frameworks */,
			);
			name = Frameworks;
			sourceTree = "<group>";
		};
		23250506138A3B49003D8EE4 /* IOSBuild */ = {
			isa = PBXGroup;
			children = (
				2316DFE513AC8542006704FE /* FlipsideViewController.h */,
				2316DFE613AC8542006704FE /* FlipsideViewController.m */,
				23250507138A3B49003D8EE4 /* Supporting Files */,
			);
			name = IOSBuild;
			path = OpenLcbLib;
			sourceTree = "<group>";
		};
		23250507138A3B49003D8EE4 /* Supporting Files */ = {
			isa = PBXGroup;
			children = (
				23B09CD613952DC800A7A328 /* IOSBuild-Prefix.pch */,
			);
			name = "Supporting Files";
			sourceTree = "<group>";
		};
		2340D80113A986B400C54B74 /* MessageTypes */ = {
			isa = PBXGroup;
			children = (
				23B3122F13A9275E0063375B /* OlcbPCEventReportMessage.h */,
				23B3123013A9275E0063375B /* OlcbPCEventReportMessage.m */,
				2382DBF213A90BEA003DE18B /* OlcbInitializationCompleteMessage.h */,
				2382DBF313A90BEA003DE18B /* OlcbInitializationCompleteMessage.m */,
			);
			name = MessageTypes;
			sourceTree = "<group>";
		};
		23A409571394E07C00993644 /* Other Frameworks */ = {
			isa = PBXGroup;
			children = (
				23A409581394E07C00993644 /* AppKit.framework */,
				23A409591394E07C00993644 /* CoreData.framework */,
				23A4095A1394E07C00993644 /* Foundation.framework */,
			);
			name = "Other Frameworks";
			sourceTree = "<group>";
		};
		23B09CD113952CF600A7A328 /* Supporting Files */ = {
			isa = PBXGroup;
			children = (
				23250508138A3B49003D8EE4 /* OpenLcbLib-Prefix.pch */,
			);
			name = "Supporting Files";
			sourceTree = "<group>";
		};
		23B09CD313952D6800A7A328 /* Supporting Files */ = {
			isa = PBXGroup;
			children = (
				2324692213952FF000A86B68 /* OpenLcbLibTests-Prefix.pch */,
			);
			name = "Supporting Files";
			sourceTree = "<group>";
		};
		23B09CD413952D7F00A7A328 /* Supporting Files */ = {
			isa = PBXGroup;
			children = (
				23B09CD513952DB600A7A328 /* IOSBuildTests-Prefix.pch */,
			);
			name = "Supporting Files";
			sourceTree = "<group>";
		};
/* End PBXGroup section */

/* Begin PBXHeadersBuildPhase section */
		2304E82B13950BC400B6867C /* Headers */ = {
			isa = PBXHeadersBuildPhase;
			buildActionMask = 2147483647;
			files = (
				233668201395F937007A0410 /* MtiReformat.h in Headers */,
				23D877801396725400B9E610 /* OlcbMessage.h in Headers */,
				23D877931396773800B9E610 /* OlcbNodeID.h in Headers */,
				230F761713A5CE5C0068BF67 /* OlcbMessageProcessor.h in Headers */,
				23B3123213A9275E0063375B /* OlcbPCEventReportMessage.h in Headers */,
				23D7F98D13AC03B8009F773D /* OlcbCanFrame.h in Headers */,
			);
			runOnlyForDeploymentPostprocessing = 0;
		};
		232504FF138A3B49003D8EE4 /* Headers */ = {
			isa = PBXHeadersBuildPhase;
			buildActionMask = 2147483647;
			files = (
				2336681F1395F937007A0410 /* MtiReformat.h in Headers */,
				23D8777F1396725400B9E610 /* OlcbMessage.h in Headers */,
				23D877921396773800B9E610 /* OlcbNodeID.h in Headers */,
				230F761613A5CE5C0068BF67 /* OlcbMessageProcessor.h in Headers */,
				2382DBF413A90BEA003DE18B /* OlcbInitializationCompleteMessage.h in Headers */,
				23B3122D13A91F1A0063375B /* OlcbPrettyPrint.h in Headers */,
				23B3123113A9275E0063375B /* OlcbPCEventReportMessage.h in Headers */,
				23D7F98C13AC03B7009F773D /* OlcbCanFrame.h in Headers */,
				2316DFE713AC8542006704FE /* FlipsideViewController.h in Headers */,
			);
			runOnlyForDeploymentPostprocessing = 0;
		};
/* End PBXHeadersBuildPhase section */

/* Begin PBXNativeTarget section */
		2304E82C13950BC400B6867C /* MacOSXBuild */ = {
			isa = PBXNativeTarget;
			buildConfigurationList = 2304E84713950BC500B6867C /* Build configuration list for PBXNativeTarget "MacOSXBuild" */;
			buildPhases = (
				2304E82913950BC400B6867C /* Sources */,
				2304E82A13950BC400B6867C /* Frameworks */,
				2304E82B13950BC400B6867C /* Headers */,
			);
			buildRules = (
			);
			dependencies = (
			);
			name = MacOSXBuild;
			productName = MacOSXBuild;
			productReference = 2304E82D13950BC400B6867C /* MacOSXBuild.dylib */;
			productType = "com.apple.product-type.library.dynamic";
		};
		2304E83613950BC500B6867C /* MacOSXBuildTests */ = {
			isa = PBXNativeTarget;
			buildConfigurationList = 2304E84A13950BC500B6867C /* Build configuration list for PBXNativeTarget "MacOSXBuildTests" */;
			buildPhases = (
				2304E83213950BC500B6867C /* Sources */,
				2304E83313950BC500B6867C /* Frameworks */,
				2304E83413950BC500B6867C /* Resources */,
				2304E83513950BC500B6867C /* ShellScript */,
			);
			buildRules = (
			);
			dependencies = (
				2304E83A13950BC500B6867C /* PBXTargetDependency */,
			);
			name = MacOSXBuildTests;
			productName = MacOSXBuildTests;
			productReference = 2304E83713950BC500B6867C /* MacOSXBuildTests.octest */;
			productType = "com.apple.product-type.bundle";
		};
		23250500138A3B49003D8EE4 /* iOSBuild */ = {
			isa = PBXNativeTarget;
			buildConfigurationList = 23250524138A3B49003D8EE4 /* Build configuration list for PBXNativeTarget "iOSBuild" */;
			buildPhases = (
				232504FD138A3B49003D8EE4 /* Sources */,
				232504FE138A3B49003D8EE4 /* Frameworks */,
				232504FF138A3B49003D8EE4 /* Headers */,
			);
			buildRules = (
			);
			dependencies = (
			);
			name = iOSBuild;
			productName = OpenLcbLib;
			productReference = 23250501138A3B49003D8EE4 /* libOpenLcb.a */;
			productType = "com.apple.product-type.library.static";
		};
		2325050D138A3B49003D8EE4 /* iOSBuildTests */ = {
			isa = PBXNativeTarget;
			buildConfigurationList = 23250527138A3B49003D8EE4 /* Build configuration list for PBXNativeTarget "iOSBuildTests" */;
			buildPhases = (
				23250509138A3B49003D8EE4 /* Sources */,
				2325050A138A3B49003D8EE4 /* Frameworks */,
				2325050B138A3B49003D8EE4 /* Resources */,
				2325050C138A3B49003D8EE4 /* ShellScript */,
			);
			buildRules = (
			);
			dependencies = (
				23250515138A3B49003D8EE4 /* PBXTargetDependency */,
			);
			name = iOSBuildTests;
			productName = OpenLcbLibTests;
			productReference = 2325050E138A3B49003D8EE4 /* iOSBuildTests.octest */;
			productType = "com.apple.product-type.bundle";
		};
/* End PBXNativeTarget section */

/* Begin PBXProject section */
		232504F8138A3B48003D8EE4 /* Project object */ = {
			isa = PBXProject;
			buildConfigurationList = 232504FB138A3B48003D8EE4 /* Build configuration list for PBXProject "OpenLcbLib" */;
			compatibilityVersion = "Xcode 3.2";
			developmentRegion = English;
			hasScannedForEncodings = 0;
			knownRegions = (
				en,
			);
			mainGroup = 232504F6138A3B48003D8EE4;
			productRefGroup = 23250502138A3B49003D8EE4 /* Products */;
			projectDirPath = "";
			projectRoot = "";
			targets = (
				23250500138A3B49003D8EE4 /* iOSBuild */,
				2325050D138A3B49003D8EE4 /* iOSBuildTests */,
				2304E82C13950BC400B6867C /* MacOSXBuild */,
				2304E83613950BC500B6867C /* MacOSXBuildTests */,
			);
		};
/* End PBXProject section */

/* Begin PBXResourcesBuildPhase section */
		2304E83413950BC500B6867C /* Resources */ = {
			isa = PBXResourcesBuildPhase;
			buildActionMask = 2147483647;
			files = (
				2304E84113950BC500B6867C /* InfoPlist.strings in Resources */,
				2304E84413950BC500B6867C /* MacOSXBuildTests.h in Resources */,
			);
			runOnlyForDeploymentPostprocessing = 0;
		};
		2325050B138A3B49003D8EE4 /* Resources */ = {
			isa = PBXResourcesBuildPhase;
			buildActionMask = 2147483647;
			files = (
			);
			runOnlyForDeploymentPostprocessing = 0;
		};
/* End PBXResourcesBuildPhase section */

/* Begin PBXShellScriptBuildPhase section */
		2304E83513950BC500B6867C /* ShellScript */ = {
			isa = PBXShellScriptBuildPhase;
			buildActionMask = 2147483647;
			files = (
			);
			inputPaths = (
			);
			outputPaths = (
			);
			runOnlyForDeploymentPostprocessing = 0;
			shellPath = /bin/sh;
			shellScript = "# Run the unit tests in this test bundle.\n\"${SYSTEM_DEVELOPER_DIR}/Tools/RunUnitTests\"\n";
		};
		2325050C138A3B49003D8EE4 /* ShellScript */ = {
			isa = PBXShellScriptBuildPhase;
			buildActionMask = 2147483647;
			files = (
			);
			inputPaths = (
			);
			outputPaths = (
			);
			runOnlyForDeploymentPostprocessing = 0;
			shellPath = /bin/sh;
			shellScript = "# Run the unit tests in this test bundle.\n\"${SYSTEM_DEVELOPER_DIR}/Tools/RunUnitTests\"\n";
		};
/* End PBXShellScriptBuildPhase section */

/* Begin PBXSourcesBuildPhase section */
		2304E82913950BC400B6867C /* Sources */ = {
			isa = PBXSourcesBuildPhase;
			buildActionMask = 2147483647;
			files = (
				2336681E1395F937007A0410 /* MtiReformat.c in Sources */,
				23D877821396725400B9E610 /* OlcbMessage.m in Sources */,
				23D877951396773800B9E610 /* OlcbNodeID.m in Sources */,
				23B3122913A91EC10063375B /* OlcbInitializationCompleteMessage.m in Sources */,
				23B3123413A9275E0063375B /* OlcbPCEventReportMessage.m in Sources */,
				23B3124113A967380063375B /* OlcbPrettyPrint.m in Sources */,
				23D7F98813AC0398009F773D /* OlcbCanFrame.m in Sources */,
			);
			runOnlyForDeploymentPostprocessing = 0;
		};
		2304E83213950BC500B6867C /* Sources */ = {
			isa = PBXSourcesBuildPhase;
			buildActionMask = 2147483647;
			files = (
				2304E84613950BC500B6867C /* MacOSXBuildTests.m in Sources */,
				2304E85113950EEC00B6867C /* OlcbCanFrameTests.m in Sources */,
				233668241395FB74007A0410 /* MtiReformatTest.m in Sources */,
				23D877871396740200B9E610 /* OlcbMessageTest.m in Sources */,
				23D8779B1396777200B9E610 /* OlcbNodeIDTest.m in Sources */,
				230F762013A5CFF20068BF67 /* OlcbMessageProcessorTest.m in Sources */,
				23B3123813A929900063375B /* OlcbPrettyPrintTest.m in Sources */,
			);
			runOnlyForDeploymentPostprocessing = 0;
		};
		232504FD138A3B49003D8EE4 /* Sources */ = {
			isa = PBXSourcesBuildPhase;
			buildActionMask = 2147483647;
			files = (
				2336681D1395F937007A0410 /* MtiReformat.c in Sources */,
				23D877811396725400B9E610 /* OlcbMessage.m in Sources */,
				23D877941396773800B9E610 /* OlcbNodeID.m in Sources */,
				2382DBF513A90BEA003DE18B /* OlcbInitializationCompleteMessage.m in Sources */,
				23B3122E13A91F1A0063375B /* OlcbPrettyPrint.m in Sources */,
				23B3123313A9275E0063375B /* OlcbPCEventReportMessage.m in Sources */,
				23D7F98713AC0398009F773D /* OlcbCanFrame.m in Sources */,
				2316DFE813AC8542006704FE /* FlipsideViewController.m in Sources */,
			);
			runOnlyForDeploymentPostprocessing = 0;
		};
		23250509138A3B49003D8EE4 /* Sources */ = {
			isa = PBXSourcesBuildPhase;
			buildActionMask = 2147483647;
			files = (
				23A4094E1394DF8700993644 /* OlcbCanFrameTests.m in Sources */,
				2304E860139512BB00B6867C /* IOSBuildTests.m in Sources */,
				233668231395FB74007A0410 /* MtiReformatTest.m in Sources */,
				23D877861396740200B9E610 /* OlcbMessageTest.m in Sources */,
				23D8779A1396777200B9E610 /* OlcbNodeIDTest.m in Sources */,
				230F761F13A5CFF20068BF67 /* OlcbMessageProcessorTest.m in Sources */,
				23B3123713A929900063375B /* OlcbPrettyPrintTest.m in Sources */,
			);
			runOnlyForDeploymentPostprocessing = 0;
		};
/* End PBXSourcesBuildPhase section */

/* Begin PBXTargetDependency section */
		2304E83A13950BC500B6867C /* PBXTargetDependency */ = {
			isa = PBXTargetDependency;
			target = 2304E82C13950BC400B6867C /* MacOSXBuild */;
			targetProxy = 2304E83913950BC500B6867C /* PBXContainerItemProxy */;
		};
		23250515138A3B49003D8EE4 /* PBXTargetDependency */ = {
			isa = PBXTargetDependency;
			target = 23250500138A3B49003D8EE4 /* iOSBuild */;
			targetProxy = 23250514138A3B49003D8EE4 /* PBXContainerItemProxy */;
		};
/* End PBXTargetDependency section */

/* Begin PBXVariantGroup section */
		2304E83F13950BC500B6867C /* InfoPlist.strings */ = {
			isa = PBXVariantGroup;
			children = (
				2304E84013950BC500B6867C /* en */,
			);
			name = InfoPlist.strings;
			sourceTree = "<group>";
		};
/* End PBXVariantGroup section */

/* Begin XCBuildConfiguration section */
		2304E84813950BC500B6867C /* Debug */ = {
			isa = XCBuildConfiguration;
			buildSettings = {
				ALWAYS_SEARCH_USER_PATHS = NO;
				ARCHS = "$(ARCHS_STANDARD_32_64_BIT)";
				COPY_PHASE_STRIP = NO;
				DYLIB_COMPATIBILITY_VERSION = 1;
				DYLIB_CURRENT_VERSION = 1;
				GCC_DYNAMIC_NO_PIC = NO;
				GCC_ENABLE_OBJC_EXCEPTIONS = YES;
				GCC_PRECOMPILE_PREFIX_HEADER = YES;
				GCC_PREFIX_HEADER = "MacOSXBuild/MacOSXBuild-Prefix.pch";
				GCC_VERSION = com.apple.compilers.llvm.clang.1_0;
				GCC_WARN_64_TO_32_BIT_CONVERSION = YES;
				MACOSX_DEPLOYMENT_TARGET = 10.6;
				ONLY_ACTIVE_ARCH = YES;
				PRODUCT_NAME = "$(TARGET_NAME)";
				SDKROOT = macosx;
			};
			name = Debug;
		};
		2304E84913950BC500B6867C /* Release */ = {
			isa = XCBuildConfiguration;
			buildSettings = {
				ALWAYS_SEARCH_USER_PATHS = NO;
				ARCHS = "$(ARCHS_STANDARD_32_64_BIT)";
				COPY_PHASE_STRIP = YES;
				DEBUG_INFORMATION_FORMAT = "dwarf-with-dsym";
				DYLIB_COMPATIBILITY_VERSION = 1;
				DYLIB_CURRENT_VERSION = 1;
				GCC_ENABLE_OBJC_EXCEPTIONS = YES;
				GCC_PRECOMPILE_PREFIX_HEADER = YES;
				GCC_PREFIX_HEADER = "MacOSXBuild/MacOSXBuild-Prefix.pch";
				GCC_VERSION = com.apple.compilers.llvm.clang.1_0;
				GCC_WARN_64_TO_32_BIT_CONVERSION = YES;
				MACOSX_DEPLOYMENT_TARGET = 10.6;
				PRODUCT_NAME = "$(TARGET_NAME)";
				SDKROOT = macosx;
			};
			name = Release;
		};
		2304E84B13950BC500B6867C /* Debug */ = {
			isa = XCBuildConfiguration;
			buildSettings = {
				ALWAYS_SEARCH_USER_PATHS = NO;
				ARCHS = "$(ARCHS_STANDARD_32_64_BIT)";
				COPY_PHASE_STRIP = NO;
				FRAMEWORK_SEARCH_PATHS = "$(DEVELOPER_LIBRARY_DIR)/Frameworks";
				GCC_DYNAMIC_NO_PIC = NO;
				GCC_ENABLE_OBJC_EXCEPTIONS = YES;
				GCC_PRECOMPILE_PREFIX_HEADER = YES;
				GCC_PREFIX_HEADER = "MacOSXBuildTests/MacOSXBuildTests-Prefix.pch";
				GCC_VERSION = com.apple.compilers.llvm.clang.1_0;
				GCC_WARN_64_TO_32_BIT_CONVERSION = YES;
				INFOPLIST_FILE = "MacOSXBuildTests/MacOSXBuildTests-Info.plist";
				MACOSX_DEPLOYMENT_TARGET = 10.6;
				ONLY_ACTIVE_ARCH = YES;
				OTHER_LDFLAGS = (
					"-framework",
					SenTestingKit,
				);
				PRODUCT_NAME = "$(TARGET_NAME)";
				SDKROOT = macosx;
				WRAPPER_EXTENSION = octest;
			};
			name = Debug;
		};
		2304E84C13950BC500B6867C /* Release */ = {
			isa = XCBuildConfiguration;
			buildSettings = {
				ALWAYS_SEARCH_USER_PATHS = NO;
				ARCHS = "$(ARCHS_STANDARD_32_64_BIT)";
				COPY_PHASE_STRIP = YES;
				DEBUG_INFORMATION_FORMAT = "dwarf-with-dsym";
				FRAMEWORK_SEARCH_PATHS = "$(DEVELOPER_LIBRARY_DIR)/Frameworks";
				GCC_ENABLE_OBJC_EXCEPTIONS = YES;
				GCC_PRECOMPILE_PREFIX_HEADER = YES;
				GCC_PREFIX_HEADER = "MacOSXBuildTests/MacOSXBuildTests-Prefix.pch";
				GCC_VERSION = com.apple.compilers.llvm.clang.1_0;
				GCC_WARN_64_TO_32_BIT_CONVERSION = YES;
				INFOPLIST_FILE = "MacOSXBuildTests/MacOSXBuildTests-Info.plist";
				MACOSX_DEPLOYMENT_TARGET = 10.6;
				OTHER_LDFLAGS = (
					"-framework",
					SenTestingKit,
				);
				PRODUCT_NAME = "$(TARGET_NAME)";
				SDKROOT = macosx;
				WRAPPER_EXTENSION = octest;
			};
			name = Release;
		};
		23250522138A3B49003D8EE4 /* Debug */ = {
			isa = XCBuildConfiguration;
			buildSettings = {
				ARCHS = "$(ARCHS_STANDARD_32_BIT)";
				GCC_C_LANGUAGE_STANDARD = gnu99;
				GCC_OPTIMIZATION_LEVEL = 0;
				GCC_PREPROCESSOR_DEFINITIONS = DEBUG;
				GCC_SYMBOLS_PRIVATE_EXTERN = NO;
				GCC_VERSION = com.apple.compilers.llvmgcc42;
				GCC_WARN_ABOUT_RETURN_TYPE = YES;
				GCC_WARN_UNUSED_VARIABLE = YES;
				IPHONEOS_DEPLOYMENT_TARGET = 4.3;
				SDKROOT = iphoneos;
			};
			name = Debug;
		};
		23250523138A3B49003D8EE4 /* Release */ = {
			isa = XCBuildConfiguration;
			buildSettings = {
				ARCHS = "$(ARCHS_STANDARD_32_BIT)";
				GCC_C_LANGUAGE_STANDARD = gnu99;
				GCC_VERSION = com.apple.compilers.llvmgcc42;
				GCC_WARN_ABOUT_RETURN_TYPE = YES;
				GCC_WARN_UNUSED_VARIABLE = YES;
				IPHONEOS_DEPLOYMENT_TARGET = 4.3;
				SDKROOT = iphoneos;
			};
			name = Release;
		};
		23250525138A3B49003D8EE4 /* Debug */ = {
			isa = XCBuildConfiguration;
			buildSettings = {
				ALWAYS_SEARCH_USER_PATHS = NO;
				DSTROOT = /tmp/OpenLcbLib.dst;
				GCC_PRECOMPILE_PREFIX_HEADER = YES;
				GCC_PREFIX_HEADER = "iOSBuild/IOSBuild-Prefix.pch";
				OTHER_LDFLAGS = "-ObjC";
				PRODUCT_NAME = OpenLcb;
			};
			name = Debug;
		};
		23250526138A3B49003D8EE4 /* Release */ = {
			isa = XCBuildConfiguration;
			buildSettings = {
				ALWAYS_SEARCH_USER_PATHS = NO;
				DSTROOT = /tmp/OpenLcbLib.dst;
				GCC_PRECOMPILE_PREFIX_HEADER = YES;
				GCC_PREFIX_HEADER = "iOSBuild/IOSBuild-Prefix.pch";
				OTHER_LDFLAGS = "-ObjC";
				PRODUCT_NAME = OpenLcb;
			};
			name = Release;
		};
		23250528138A3B49003D8EE4 /* Debug */ = {
			isa = XCBuildConfiguration;
			buildSettings = {
				ALWAYS_SEARCH_USER_PATHS = NO;
				FRAMEWORK_SEARCH_PATHS = (
					"$(SDKROOT)/Developer/Library/Frameworks",
					"$(DEVELOPER_LIBRARY_DIR)/Frameworks",
				);
				GCC_PRECOMPILE_PREFIX_HEADER = YES;
				GCC_PREFIX_HEADER = "iOSBuildTests/IOSBuildTests-Prefix.pch";
				INFOPLIST_FILE = "OpenLcbLibTests/OpenLcbLibTests-Info.plist";
				OTHER_LDFLAGS = (
					"-framework",
					SenTestingKit,
				);
				PRODUCT_NAME = "$(TARGET_NAME)";
				WRAPPER_EXTENSION = octest;
			};
			name = Debug;
		};
		23250529138A3B49003D8EE4 /* Release */ = {
			isa = XCBuildConfiguration;
			buildSettings = {
				ALWAYS_SEARCH_USER_PATHS = NO;
				FRAMEWORK_SEARCH_PATHS = (
					"$(SDKROOT)/Developer/Library/Frameworks",
					"$(DEVELOPER_LIBRARY_DIR)/Frameworks",
				);
				GCC_PRECOMPILE_PREFIX_HEADER = YES;
				GCC_PREFIX_HEADER = "iOSBuildTests/IOSBuildTests-Prefix.pch";
				INFOPLIST_FILE = "OpenLcbLibTests/OpenLcbLibTests-Info.plist";
				OTHER_LDFLAGS = (
					"-framework",
					SenTestingKit,
				);
				PRODUCT_NAME = "$(TARGET_NAME)";
				WRAPPER_EXTENSION = octest;
			};
			name = Release;
		};
/* End XCBuildConfiguration section */

/* Begin XCConfigurationList section */
		2304E84713950BC500B6867C /* Build configuration list for PBXNativeTarget "MacOSXBuild" */ = {
			isa = XCConfigurationList;
			buildConfigurations = (
				2304E84813950BC500B6867C /* Debug */,
				2304E84913950BC500B6867C /* Release */,
			);
			defaultConfigurationIsVisible = 0;
			defaultConfigurationName = Release;
		};
		2304E84A13950BC500B6867C /* Build configuration list for PBXNativeTarget "MacOSXBuildTests" */ = {
			isa = XCConfigurationList;
			buildConfigurations = (
				2304E84B13950BC500B6867C /* Debug */,
				2304E84C13950BC500B6867C /* Release */,
			);
			defaultConfigurationIsVisible = 0;
			defaultConfigurationName = Release;
		};
		232504FB138A3B48003D8EE4 /* Build configuration list for PBXProject "OpenLcbLib" */ = {
			isa = XCConfigurationList;
			buildConfigurations = (
				23250522138A3B49003D8EE4 /* Debug */,
				23250523138A3B49003D8EE4 /* Release */,
			);
			defaultConfigurationIsVisible = 0;
			defaultConfigurationName = Release;
		};
		23250524138A3B49003D8EE4 /* Build configuration list for PBXNativeTarget "iOSBuild" */ = {
			isa = XCConfigurationList;
			buildConfigurations = (
				23250525138A3B49003D8EE4 /* Debug */,
				23250526138A3B49003D8EE4 /* Release */,
			);
			defaultConfigurationIsVisible = 0;
			defaultConfigurationName = Release;
		};
		23250527138A3B49003D8EE4 /* Build configuration list for PBXNativeTarget "iOSBuildTests" */ = {
			isa = XCConfigurationList;
			buildConfigurations = (
				23250528138A3B49003D8EE4 /* Debug */,
				23250529138A3B49003D8EE4 /* Release */,
			);
			defaultConfigurationIsVisible = 0;
			defaultConfigurationName = Release;
		};
/* End XCConfigurationList section */
	};
	rootObject = 232504F8138A3B48003D8EE4 /* Project object */;
}
